
Microsoft Visual Studio Solution File, Format Version 12.00
# Visual Studio Version 17
VisualStudioVersion = 17.0.31912.275
MinimumVisualStudioVersion = 10.0.40219.1
Project("{FAE04EC0-301F-11D3-BF4B-00C04F79EFBC}") = "Operatoren", "Operatoren\Operatoren.csproj", "{DEACFF08-0EF7-44A4-9FE6-616429A31D14}"
EndProject
Project("{FAE04EC0-301F-11D3-BF4B-00C04F79EFBC}") = "UT_Operatoren", "UT_Operatoren\UT_Operatoren.csproj", "{1B734B9B-E422-4BA1-83B2-6176BEFFA538}"
EndProject
Global
	GlobalSection(SolutionConfigurationPlatforms) = preSolution
		Debug|Any CPU = Debug|Any CPU
		Release|Any CPU = Release|Any CPU
	EndGlobalSection
	GlobalSection(ProjectConfigurationPlatforms) = postSolution
		{DEACFF08-0EF7-44A4-9FE6-616429A31D14}.Debug|Any CPU.ActiveCfg = Debug|Any CPU
		{DEACFF08-0EF7-44A4-9FE6-616429A31D14}.Debug|Any CPU.Build.0 = Debug|Any CPU
		{DEACFF08-0EF7-44A4-9FE6-616429A31D14}.Release|Any CPU.ActiveCfg = Release|Any CPU
		{DEACFF08-0EF7-44A4-9FE6-616429A31D14}.Release|Any CPU.Build.0 = Release|Any CPU
		{1B734B9B-E422-4BA1-83B2-6176BEFFA538}.Debug|Any CPU.ActiveCfg = Debug|Any CPU
		{1B734B9B-E422-4BA1-83B2-6176BEFFA538}.Debug|Any CPU.Build.0 = Debug|Any CPU
		{1B734B9B-E422-4BA1-83B2-6176BEFFA538}.Release|Any CPU.ActiveCfg = Release|Any CPU
		{1B734B9B-E422-4BA1-83B2-6176BEFFA538}.Release|Any CPU.Build.0 = Release|Any CPU
	EndGlobalSection
	GlobalSection(SolutionProperties) = preSolution
		HideSolutionNode = FALSE
	EndGlobalSection
	GlobalSection(ExtensibilityGlobals) = postSolution
		SolutionGuid = {72456715-97AA-4C66-89C5-4C2CF95AEE6C}
	EndGlobalSection
EndGlobal
