
Microsoft Visual Studio Solution File, Format Version 12.00
Project("{FAE04EC0-301F-11D3-BF4B-00C04F79EFBC}") = "MultiplayerGame.AppHost", "MultiplayerGame\MultiplayerGame.AppHost\MultiplayerGame.AppHost.csproj", "{5F20E376-0F3C-4C9D-BF3A-4DC3CF2ECCD2}"
EndProject
Project("{FAE04EC0-301F-11D3-BF4B-00C04F79EFBC}") = "MultiplayerGame.ServiceDefaults", "MultiplayerGame\MultiplayerGame.ServiceDefaults\MultiplayerGame.ServiceDefaults.csproj", "{BDB90641-98CE-4DA3-9F55-393EB113A0AF}"
EndProject
Project("{FAE04EC0-301F-11D3-BF4B-00C04F79EFBC}") = "MultiplayerGame.ApiService", "MultiplayerGame\MultiplayerGame.ApiService\MultiplayerGame.ApiService.csproj", "{5FC722F1-6A83-4B1E-9937-58EC56C49457}"
EndProject
Project("{FAE04EC0-301F-11D3-BF4B-00C04F79EFBC}") = "MultiplayerGame.Web", "MultiplayerGame\MultiplayerGame.Web\MultiplayerGame.Web.csproj", "{B9329448-1C3F-402C-9461-76A6BF627D76}"
EndProject
Global
	GlobalSection(SolutionConfigurationPlatforms) = preSolution
		Debug|Any CPU = Debug|Any CPU
		Release|Any CPU = Release|Any CPU
	EndGlobalSection
	GlobalSection(ProjectConfigurationPlatforms) = postSolution
		{5F20E376-0F3C-4C9D-BF3A-4DC3CF2ECCD2}.Debug|Any CPU.ActiveCfg = Debug|Any CPU
		{5F20E376-0F3C-4C9D-BF3A-4DC3CF2ECCD2}.Debug|Any CPU.Build.0 = Debug|Any CPU
		{5F20E376-0F3C-4C9D-BF3A-4DC3CF2ECCD2}.Release|Any CPU.ActiveCfg = Release|Any CPU
		{5F20E376-0F3C-4C9D-BF3A-4DC3CF2ECCD2}.Release|Any CPU.Build.0 = Release|Any CPU
		{BDB90641-98CE-4DA3-9F55-393EB113A0AF}.Debug|Any CPU.ActiveCfg = Debug|Any CPU
		{BDB90641-98CE-4DA3-9F55-393EB113A0AF}.Debug|Any CPU.Build.0 = Debug|Any CPU
		{BDB90641-98CE-4DA3-9F55-393EB113A0AF}.Release|Any CPU.ActiveCfg = Release|Any CPU
		{BDB90641-98CE-4DA3-9F55-393EB113A0AF}.Release|Any CPU.Build.0 = Release|Any CPU
		{5FC722F1-6A83-4B1E-9937-58EC56C49457}.Debug|Any CPU.ActiveCfg = Debug|Any CPU
		{5FC722F1-6A83-4B1E-9937-58EC56C49457}.Debug|Any CPU.Build.0 = Debug|Any CPU
		{5FC722F1-6A83-4B1E-9937-58EC56C49457}.Release|Any CPU.ActiveCfg = Release|Any CPU
		{5FC722F1-6A83-4B1E-9937-58EC56C49457}.Release|Any CPU.Build.0 = Release|Any CPU
		{B9329448-1C3F-402C-9461-76A6BF627D76}.Debug|Any CPU.ActiveCfg = Debug|Any CPU
		{B9329448-1C3F-402C-9461-76A6BF627D76}.Debug|Any CPU.Build.0 = Debug|Any CPU
		{B9329448-1C3F-402C-9461-76A6BF627D76}.Release|Any CPU.ActiveCfg = Release|Any CPU
		{B9329448-1C3F-402C-9461-76A6BF627D76}.Release|Any CPU.Build.0 = Release|Any CPU
	EndGlobalSection
EndGlobal
