
Microsoft Visual Studio Solution File, Format Version 12.00
Project("{FAE04EC0-301F-11D3-BF4B-00C04F79EFBC}") = "Concurrency_FirstLesson", "Concurrency_FirstLesson\Concurrency_FirstLesson.csproj", "{F5F33BCE-8A64-41DA-9134-1E6CA6ECC41E}"
EndProject
Global
	GlobalSection(SolutionConfigurationPlatforms) = preSolution
		Debug|Any CPU = Debug|Any CPU
		Release|Any CPU = Release|Any CPU
	EndGlobalSection
	GlobalSection(ProjectConfigurationPlatforms) = postSolution
		{F5F33BCE-8A64-41DA-9134-1E6CA6ECC41E}.Debug|Any CPU.ActiveCfg = Debug|Any CPU
		{F5F33BCE-8A64-41DA-9134-1E6CA6ECC41E}.Debug|Any CPU.Build.0 = Debug|Any CPU
		{F5F33BCE-8A64-41DA-9134-1E6CA6ECC41E}.Release|Any CPU.ActiveCfg = Release|Any CPU
		{F5F33BCE-8A64-41DA-9134-1E6CA6ECC41E}.Release|Any CPU.Build.0 = Release|Any CPU
	EndGlobalSection
EndGlobal
