
Microsoft Visual Studio Solution File, Format Version 12.00
# Visual Studio Version 17
VisualStudioVersion = 17.0.31912.275
MinimumVisualStudioVersion = 10.0.40219.1
Project("{9A19103F-16F7-4668-BE54-9A1E7A4F7556}") = "StreamReader-StreamWriter_TenNumbers", "StreamReader-StreamWriter_TenNumbers\StreamReader-StreamWriter_TenNumbers.csproj", "{0C8D2EB2-DA83-44C2-B976-69497FA578D3}"
EndProject
Project("{9A19103F-16F7-4668-BE54-9A1E7A4F7556}") = "FileStream_SimultanesLesen-Schreiben", "FileStream_SimultanesLesen-Schreiben\FileStream_SimultanesLesen-Schreiben.csproj", "{658197F5-D913-4885-834C-F44C8FEC7002}"
EndProject
Project("{9A19103F-16F7-4668-BE54-9A1E7A4F7556}") = "SR-SWwithFileStream_UsingFileStream", "SR-SWwithFileStream_UsingFileStream\SR-SWwithFileStream_UsingFileStream.csproj", "{97F9F9AA-A051-4994-8BDA-365F8AC566F6}"
EndProject
Project("{9A19103F-16F7-4668-BE54-9A1E7A4F7556}") = "UsingBlockwithSR-SW_1x1Tabelle", "UsingBlockwithSR-SW_1x1Tabelle\UsingBlockwithSR-SW_1x1Tabelle.csproj", "{EC242C75-F01D-4D4C-865A-54A4CD07B108}"
EndProject
Project("{9A19103F-16F7-4668-BE54-9A1E7A4F7556}") = "BinaryReader-Writer", "BinaryReader-Writer\BinaryReader-Writer.csproj", "{9D8A9D67-8AED-4595-B73E-8D67D59F9A05}"
EndProject
Project("{FAE04EC0-301F-11D3-BF4B-00C04F79EFBC}") = "BinaryFormatter_Person", "BinaryFormatter_Person\BinaryFormatter_Person.csproj", "{5B5475B7-23B7-40E1-B844-4F711CB6FBAA}"
EndProject
Global
	GlobalSection(SolutionConfigurationPlatforms) = preSolution
		Debug|Any CPU = Debug|Any CPU
		Release|Any CPU = Release|Any CPU
	EndGlobalSection
	GlobalSection(ProjectConfigurationPlatforms) = postSolution
		{0C8D2EB2-DA83-44C2-B976-69497FA578D3}.Debug|Any CPU.ActiveCfg = Debug|Any CPU
		{0C8D2EB2-DA83-44C2-B976-69497FA578D3}.Debug|Any CPU.Build.0 = Debug|Any CPU
		{0C8D2EB2-DA83-44C2-B976-69497FA578D3}.Release|Any CPU.ActiveCfg = Release|Any CPU
		{0C8D2EB2-DA83-44C2-B976-69497FA578D3}.Release|Any CPU.Build.0 = Release|Any CPU
		{658197F5-D913-4885-834C-F44C8FEC7002}.Debug|Any CPU.ActiveCfg = Debug|Any CPU
		{658197F5-D913-4885-834C-F44C8FEC7002}.Debug|Any CPU.Build.0 = Debug|Any CPU
		{658197F5-D913-4885-834C-F44C8FEC7002}.Release|Any CPU.ActiveCfg = Release|Any CPU
		{658197F5-D913-4885-834C-F44C8FEC7002}.Release|Any CPU.Build.0 = Release|Any CPU
		{97F9F9AA-A051-4994-8BDA-365F8AC566F6}.Debug|Any CPU.ActiveCfg = Debug|Any CPU
		{97F9F9AA-A051-4994-8BDA-365F8AC566F6}.Debug|Any CPU.Build.0 = Debug|Any CPU
		{97F9F9AA-A051-4994-8BDA-365F8AC566F6}.Release|Any CPU.ActiveCfg = Release|Any CPU
		{97F9F9AA-A051-4994-8BDA-365F8AC566F6}.Release|Any CPU.Build.0 = Release|Any CPU
		{EC242C75-F01D-4D4C-865A-54A4CD07B108}.Debug|Any CPU.ActiveCfg = Debug|Any CPU
		{EC242C75-F01D-4D4C-865A-54A4CD07B108}.Debug|Any CPU.Build.0 = Debug|Any CPU
		{EC242C75-F01D-4D4C-865A-54A4CD07B108}.Release|Any CPU.ActiveCfg = Release|Any CPU
		{EC242C75-F01D-4D4C-865A-54A4CD07B108}.Release|Any CPU.Build.0 = Release|Any CPU
		{9D8A9D67-8AED-4595-B73E-8D67D59F9A05}.Debug|Any CPU.ActiveCfg = Debug|Any CPU
		{9D8A9D67-8AED-4595-B73E-8D67D59F9A05}.Debug|Any CPU.Build.0 = Debug|Any CPU
		{9D8A9D67-8AED-4595-B73E-8D67D59F9A05}.Release|Any CPU.ActiveCfg = Release|Any CPU
		{9D8A9D67-8AED-4595-B73E-8D67D59F9A05}.Release|Any CPU.Build.0 = Release|Any CPU
		{5B5475B7-23B7-40E1-B844-4F711CB6FBAA}.Debug|Any CPU.ActiveCfg = Debug|Any CPU
		{5B5475B7-23B7-40E1-B844-4F711CB6FBAA}.Debug|Any CPU.Build.0 = Debug|Any CPU
		{5B5475B7-23B7-40E1-B844-4F711CB6FBAA}.Release|Any CPU.ActiveCfg = Release|Any CPU
		{5B5475B7-23B7-40E1-B844-4F711CB6FBAA}.Release|Any CPU.Build.0 = Release|Any CPU
	EndGlobalSection
	GlobalSection(SolutionProperties) = preSolution
		HideSolutionNode = FALSE
	EndGlobalSection
	GlobalSection(ExtensibilityGlobals) = postSolution
		SolutionGuid = {3BB4AB39-C467-46E6-A830-2811C969334A}
	EndGlobalSection
EndGlobal
