
Microsoft Visual Studio Solution File, Format Version 12.00
# Visual Studio Version 16
VisualStudioVersion = 16.0.29215.179
MinimumVisualStudioVersion = 10.0.40219.1
Project("{9A19103F-16F7-4668-BE54-9A1E7A4F7556}") = "P20190917_HelloWorld", "P20190917_HelloWorld\P20190917_HelloWorld.csproj", "{B4F792F7-FBCB-4250-B049-5C5B846264DA}"
EndProject
Project("{9A19103F-16F7-4668-BE54-9A1E7A4F7556}") = "P20190917_Begrüßung", "20190917_Begrüßung\P20190917_Begrüßung.csproj", "{DA831B7E-D722-4CBA-A63E-2118E13FC122}"
EndProject
Project("{9A19103F-16F7-4668-BE54-9A1E7A4F7556}") = "P20190917_Taschenrechner", "P20190917_Taschenrechner\P20190917_Taschenrechner.csproj", "{BC1E2EC2-6947-41A5-BFCF-71445DC75A28}"
EndProject
Project("{9A19103F-16F7-4668-BE54-9A1E7A4F7556}") = "P20190917_Ohm´scheGesetz", "P20190917_Ohm´scheGesetz\P20190917_Ohm´scheGesetz.csproj", "{9FDF1420-D6B4-4DBF-BD81-C75F4347869B}"
EndProject
Project("{9A19103F-16F7-4668-BE54-9A1E7A4F7556}") = "P20190917_Stoppuhr", "P20190917_Stoppuhr\P20190917_Stoppuhr.csproj", "{87D18FD2-9426-4991-94F7-D976562C76AC}"
EndProject
Project("{9A19103F-16F7-4668-BE54-9A1E7A4F7556}") = "P20190924_Noten", "P20190924_Noten\P20190924_Noten.csproj", "{DC1485CF-EB0A-4D80-95EA-B6B4C44F463D}"
EndProject
Project("{9A19103F-16F7-4668-BE54-9A1E7A4F7556}") = "P20191008_OlympiadeSiegerehrung", "P20191008_OlympiadeSiegerehrung\P20191008_OlympiadeSiegerehrung.csproj", "{31C0FC26-265C-4359-8F8E-802E53AF9747}"
EndProject
Project("{9A19103F-16F7-4668-BE54-9A1E7A4F7556}") = "P20191008_Hexadecimalberechner", "P20191008_Hexadecimalberechner\P20191008_Hexadecimalberechner.csproj", "{7AD38EF2-5DFA-4C8F-B1C4-E98D0657A1F0}"
EndProject
Project("{9A19103F-16F7-4668-BE54-9A1E7A4F7556}") = "P20191008_Binärumrechner", "P20191008_Binärumrechner\P20191008_Binärumrechner.csproj", "{8B1C518E-58E1-4A88-AD33-FB42416DEE66}"
EndProject
Project("{FAE04EC0-301F-11D3-BF4B-00C04F79EFBC}") = "Binärzahlenausgabe", "Binärzahlenausgabe\Binärzahlenausgabe.csproj", "{A3837544-E427-445E-B30E-8ECD9EF7693E}"
EndProject
Global
	GlobalSection(SolutionConfigurationPlatforms) = preSolution
		Debug|Any CPU = Debug|Any CPU
		Release|Any CPU = Release|Any CPU
	EndGlobalSection
	GlobalSection(ProjectConfigurationPlatforms) = postSolution
		{B4F792F7-FBCB-4250-B049-5C5B846264DA}.Debug|Any CPU.ActiveCfg = Debug|Any CPU
		{B4F792F7-FBCB-4250-B049-5C5B846264DA}.Debug|Any CPU.Build.0 = Debug|Any CPU
		{B4F792F7-FBCB-4250-B049-5C5B846264DA}.Release|Any CPU.ActiveCfg = Release|Any CPU
		{B4F792F7-FBCB-4250-B049-5C5B846264DA}.Release|Any CPU.Build.0 = Release|Any CPU
		{DA831B7E-D722-4CBA-A63E-2118E13FC122}.Debug|Any CPU.ActiveCfg = Debug|Any CPU
		{DA831B7E-D722-4CBA-A63E-2118E13FC122}.Debug|Any CPU.Build.0 = Debug|Any CPU
		{DA831B7E-D722-4CBA-A63E-2118E13FC122}.Release|Any CPU.ActiveCfg = Release|Any CPU
		{DA831B7E-D722-4CBA-A63E-2118E13FC122}.Release|Any CPU.Build.0 = Release|Any CPU
		{BC1E2EC2-6947-41A5-BFCF-71445DC75A28}.Debug|Any CPU.ActiveCfg = Debug|Any CPU
		{BC1E2EC2-6947-41A5-BFCF-71445DC75A28}.Debug|Any CPU.Build.0 = Debug|Any CPU
		{BC1E2EC2-6947-41A5-BFCF-71445DC75A28}.Release|Any CPU.ActiveCfg = Release|Any CPU
		{BC1E2EC2-6947-41A5-BFCF-71445DC75A28}.Release|Any CPU.Build.0 = Release|Any CPU
		{9FDF1420-D6B4-4DBF-BD81-C75F4347869B}.Debug|Any CPU.ActiveCfg = Debug|Any CPU
		{9FDF1420-D6B4-4DBF-BD81-C75F4347869B}.Debug|Any CPU.Build.0 = Debug|Any CPU
		{9FDF1420-D6B4-4DBF-BD81-C75F4347869B}.Release|Any CPU.ActiveCfg = Release|Any CPU
		{9FDF1420-D6B4-4DBF-BD81-C75F4347869B}.Release|Any CPU.Build.0 = Release|Any CPU
		{87D18FD2-9426-4991-94F7-D976562C76AC}.Debug|Any CPU.ActiveCfg = Debug|Any CPU
		{87D18FD2-9426-4991-94F7-D976562C76AC}.Debug|Any CPU.Build.0 = Debug|Any CPU
		{87D18FD2-9426-4991-94F7-D976562C76AC}.Release|Any CPU.ActiveCfg = Release|Any CPU
		{87D18FD2-9426-4991-94F7-D976562C76AC}.Release|Any CPU.Build.0 = Release|Any CPU
		{DC1485CF-EB0A-4D80-95EA-B6B4C44F463D}.Debug|Any CPU.ActiveCfg = Debug|Any CPU
		{DC1485CF-EB0A-4D80-95EA-B6B4C44F463D}.Debug|Any CPU.Build.0 = Debug|Any CPU
		{DC1485CF-EB0A-4D80-95EA-B6B4C44F463D}.Release|Any CPU.ActiveCfg = Release|Any CPU
		{DC1485CF-EB0A-4D80-95EA-B6B4C44F463D}.Release|Any CPU.Build.0 = Release|Any CPU
		{31C0FC26-265C-4359-8F8E-802E53AF9747}.Debug|Any CPU.ActiveCfg = Debug|Any CPU
		{31C0FC26-265C-4359-8F8E-802E53AF9747}.Debug|Any CPU.Build.0 = Debug|Any CPU
		{31C0FC26-265C-4359-8F8E-802E53AF9747}.Release|Any CPU.ActiveCfg = Release|Any CPU
		{31C0FC26-265C-4359-8F8E-802E53AF9747}.Release|Any CPU.Build.0 = Release|Any CPU
		{7AD38EF2-5DFA-4C8F-B1C4-E98D0657A1F0}.Debug|Any CPU.ActiveCfg = Debug|Any CPU
		{7AD38EF2-5DFA-4C8F-B1C4-E98D0657A1F0}.Debug|Any CPU.Build.0 = Debug|Any CPU
		{7AD38EF2-5DFA-4C8F-B1C4-E98D0657A1F0}.Release|Any CPU.ActiveCfg = Release|Any CPU
		{7AD38EF2-5DFA-4C8F-B1C4-E98D0657A1F0}.Release|Any CPU.Build.0 = Release|Any CPU
		{8B1C518E-58E1-4A88-AD33-FB42416DEE66}.Debug|Any CPU.ActiveCfg = Debug|Any CPU
		{8B1C518E-58E1-4A88-AD33-FB42416DEE66}.Debug|Any CPU.Build.0 = Debug|Any CPU
		{8B1C518E-58E1-4A88-AD33-FB42416DEE66}.Release|Any CPU.ActiveCfg = Release|Any CPU
		{8B1C518E-58E1-4A88-AD33-FB42416DEE66}.Release|Any CPU.Build.0 = Release|Any CPU
		{A3837544-E427-445E-B30E-8ECD9EF7693E}.Debug|Any CPU.ActiveCfg = Debug|Any CPU
		{A3837544-E427-445E-B30E-8ECD9EF7693E}.Debug|Any CPU.Build.0 = Debug|Any CPU
		{A3837544-E427-445E-B30E-8ECD9EF7693E}.Release|Any CPU.ActiveCfg = Release|Any CPU
		{A3837544-E427-445E-B30E-8ECD9EF7693E}.Release|Any CPU.Build.0 = Release|Any CPU
	EndGlobalSection
	GlobalSection(SolutionProperties) = preSolution
		HideSolutionNode = FALSE
	EndGlobalSection
	GlobalSection(ExtensibilityGlobals) = postSolution
		SolutionGuid = {1031F3F4-ED35-47C3-B80F-1DBE1C24580D}
	EndGlobalSection
EndGlobal
