
Microsoft Visual Studio Solution File, Format Version 12.00
Project("{FAE04EC0-301F-11D3-BF4B-00C04F79EFBC}") = "AspireTryout.AppHost", "AspireTryout\AspireTryout.AppHost\AspireTryout.AppHost.csproj", "{A56BCB04-62DE-439F-AAA9-CCCEF72390B0}"
EndProject
Project("{FAE04EC0-301F-11D3-BF4B-00C04F79EFBC}") = "AspireTryout.ServiceDefaults", "AspireTryout\AspireTryout.ServiceDefaults\AspireTryout.ServiceDefaults.csproj", "{15339B1E-FD84-4DB7-BA38-268098B78B9D}"
EndProject
Project("{FAE04EC0-301F-11D3-BF4B-00C04F79EFBC}") = "AspireTryout.ApiService", "AspireTryout\AspireTryout.ApiService\AspireTryout.ApiService.csproj", "{0CACBF6F-AFB4-426C-B184-2E9D8A2DE894}"
EndProject
Project("{FAE04EC0-301F-11D3-BF4B-00C04F79EFBC}") = "AspireTryout.Web", "AspireTryout\AspireTryout.Web\AspireTryout.Web.csproj", "{AA55B3D7-6DCF-45EB-AA8D-6F6A844F81EF}"
EndProject
Global
	GlobalSection(SolutionConfigurationPlatforms) = preSolution
		Debug|Any CPU = Debug|Any CPU
		Release|Any CPU = Release|Any CPU
	EndGlobalSection
	GlobalSection(ProjectConfigurationPlatforms) = postSolution
		{A56BCB04-62DE-439F-AAA9-CCCEF72390B0}.Debug|Any CPU.ActiveCfg = Debug|Any CPU
		{A56BCB04-62DE-439F-AAA9-CCCEF72390B0}.Debug|Any CPU.Build.0 = Debug|Any CPU
		{A56BCB04-62DE-439F-AAA9-CCCEF72390B0}.Release|Any CPU.ActiveCfg = Release|Any CPU
		{A56BCB04-62DE-439F-AAA9-CCCEF72390B0}.Release|Any CPU.Build.0 = Release|Any CPU
		{15339B1E-FD84-4DB7-BA38-268098B78B9D}.Debug|Any CPU.ActiveCfg = Debug|Any CPU
		{15339B1E-FD84-4DB7-BA38-268098B78B9D}.Debug|Any CPU.Build.0 = Debug|Any CPU
		{15339B1E-FD84-4DB7-BA38-268098B78B9D}.Release|Any CPU.ActiveCfg = Release|Any CPU
		{15339B1E-FD84-4DB7-BA38-268098B78B9D}.Release|Any CPU.Build.0 = Release|Any CPU
		{0CACBF6F-AFB4-426C-B184-2E9D8A2DE894}.Debug|Any CPU.ActiveCfg = Debug|Any CPU
		{0CACBF6F-AFB4-426C-B184-2E9D8A2DE894}.Debug|Any CPU.Build.0 = Debug|Any CPU
		{0CACBF6F-AFB4-426C-B184-2E9D8A2DE894}.Release|Any CPU.ActiveCfg = Release|Any CPU
		{0CACBF6F-AFB4-426C-B184-2E9D8A2DE894}.Release|Any CPU.Build.0 = Release|Any CPU
		{AA55B3D7-6DCF-45EB-AA8D-6F6A844F81EF}.Debug|Any CPU.ActiveCfg = Debug|Any CPU
		{AA55B3D7-6DCF-45EB-AA8D-6F6A844F81EF}.Debug|Any CPU.Build.0 = Debug|Any CPU
		{AA55B3D7-6DCF-45EB-AA8D-6F6A844F81EF}.Release|Any CPU.ActiveCfg = Release|Any CPU
		{AA55B3D7-6DCF-45EB-AA8D-6F6A844F81EF}.Release|Any CPU.Build.0 = Release|Any CPU
	EndGlobalSection
EndGlobal
