
Microsoft Visual Studio Solution File, Format Version 12.00
Project("{FAE04EC0-301F-11D3-BF4B-00C04F79EFBC}") = "RegistrationService", "RegistrationService\RegistrationService.csproj", "{5F0A8C6D-D42E-4BB3-B3F4-0DBD33A7305A}"
EndProject
Project("{FAE04EC0-301F-11D3-BF4B-00C04F79EFBC}") = "DuelService", "DuelService\DuelService.csproj", "{262A096E-86EF-4019-99B6-E86894504B01}"
EndProject
Project("{FAE04EC0-301F-11D3-BF4B-00C04F79EFBC}") = "DTOs", "DTOs\DTOs.csproj", "{5A0FD44E-884B-4C19-8630-4340E2BA0F33}"
EndProject
Project("{FAE04EC0-301F-11D3-BF4B-00C04F79EFBC}") = "StatisticsService", "StatisticsService\StatisticsService.csproj", "{E1913FDF-645C-4FEE-92AD-47929B55FCF8}"
EndProject
Project("{FAE04EC0-301F-11D3-BF4B-00C04F79EFBC}") = "MatchmakingService", "MatchmakingService\MatchmakingService.csproj", "{2262A0D9-448A-48B6-B080-627A380FCEF5}"
EndProject
Project("{FAE04EC0-301F-11D3-BF4B-00C04F79EFBC}") = "Clients", "Clients\Clients.csproj", "{3CA9D4CD-1CEF-4D8E-8E9F-97F949E298EA}"
EndProject
Project("{FAE04EC0-301F-11D3-BF4B-00C04F79EFBC}") = "IntegrationTests", "IntegrationTests\IntegrationTests.csproj", "{62024E1C-A5D6-43DC-95E5-1CF9D47CFAF3}"
EndProject
Global
	GlobalSection(SolutionConfigurationPlatforms) = preSolution
		Debug|Any CPU = Debug|Any CPU
		Release|Any CPU = Release|Any CPU
	EndGlobalSection
	GlobalSection(ProjectConfigurationPlatforms) = postSolution
		{5F0A8C6D-D42E-4BB3-B3F4-0DBD33A7305A}.Debug|Any CPU.ActiveCfg = Debug|Any CPU
		{5F0A8C6D-D42E-4BB3-B3F4-0DBD33A7305A}.Debug|Any CPU.Build.0 = Debug|Any CPU
		{5F0A8C6D-D42E-4BB3-B3F4-0DBD33A7305A}.Release|Any CPU.ActiveCfg = Release|Any CPU
		{5F0A8C6D-D42E-4BB3-B3F4-0DBD33A7305A}.Release|Any CPU.Build.0 = Release|Any CPU
		{262A096E-86EF-4019-99B6-E86894504B01}.Debug|Any CPU.ActiveCfg = Debug|Any CPU
		{262A096E-86EF-4019-99B6-E86894504B01}.Debug|Any CPU.Build.0 = Debug|Any CPU
		{262A096E-86EF-4019-99B6-E86894504B01}.Release|Any CPU.ActiveCfg = Release|Any CPU
		{262A096E-86EF-4019-99B6-E86894504B01}.Release|Any CPU.Build.0 = Release|Any CPU
		{5A0FD44E-884B-4C19-8630-4340E2BA0F33}.Debug|Any CPU.ActiveCfg = Debug|Any CPU
		{5A0FD44E-884B-4C19-8630-4340E2BA0F33}.Debug|Any CPU.Build.0 = Debug|Any CPU
		{5A0FD44E-884B-4C19-8630-4340E2BA0F33}.Release|Any CPU.ActiveCfg = Release|Any CPU
		{5A0FD44E-884B-4C19-8630-4340E2BA0F33}.Release|Any CPU.Build.0 = Release|Any CPU
		{E1913FDF-645C-4FEE-92AD-47929B55FCF8}.Debug|Any CPU.ActiveCfg = Debug|Any CPU
		{E1913FDF-645C-4FEE-92AD-47929B55FCF8}.Debug|Any CPU.Build.0 = Debug|Any CPU
		{E1913FDF-645C-4FEE-92AD-47929B55FCF8}.Release|Any CPU.ActiveCfg = Release|Any CPU
		{E1913FDF-645C-4FEE-92AD-47929B55FCF8}.Release|Any CPU.Build.0 = Release|Any CPU
		{2262A0D9-448A-48B6-B080-627A380FCEF5}.Debug|Any CPU.ActiveCfg = Debug|Any CPU
		{2262A0D9-448A-48B6-B080-627A380FCEF5}.Debug|Any CPU.Build.0 = Debug|Any CPU
		{2262A0D9-448A-48B6-B080-627A380FCEF5}.Release|Any CPU.ActiveCfg = Release|Any CPU
		{2262A0D9-448A-48B6-B080-627A380FCEF5}.Release|Any CPU.Build.0 = Release|Any CPU
		{3CA9D4CD-1CEF-4D8E-8E9F-97F949E298EA}.Debug|Any CPU.ActiveCfg = Debug|Any CPU
		{3CA9D4CD-1CEF-4D8E-8E9F-97F949E298EA}.Debug|Any CPU.Build.0 = Debug|Any CPU
		{3CA9D4CD-1CEF-4D8E-8E9F-97F949E298EA}.Release|Any CPU.ActiveCfg = Release|Any CPU
		{3CA9D4CD-1CEF-4D8E-8E9F-97F949E298EA}.Release|Any CPU.Build.0 = Release|Any CPU
		{62024E1C-A5D6-43DC-95E5-1CF9D47CFAF3}.Debug|Any CPU.ActiveCfg = Debug|Any CPU
		{62024E1C-A5D6-43DC-95E5-1CF9D47CFAF3}.Debug|Any CPU.Build.0 = Debug|Any CPU
		{62024E1C-A5D6-43DC-95E5-1CF9D47CFAF3}.Release|Any CPU.ActiveCfg = Release|Any CPU
		{62024E1C-A5D6-43DC-95E5-1CF9D47CFAF3}.Release|Any CPU.Build.0 = Release|Any CPU
	EndGlobalSection
EndGlobal
