
Microsoft Visual Studio Solution File, Format Version 12.00
# Visual Studio Version 16
VisualStudioVersion = 16.0.30523.141
MinimumVisualStudioVersion = 10.0.40219.1
Project("{9A19103F-16F7-4668-BE54-9A1E7A4F7556}") = "20210312_verschiedeneDatenstrukturen", "20210312_verschiedeneDatenstrukturen\20210312_verschiedeneDatenstrukturen.csproj", "{2467220F-B225-41FC-BBA0-822E4AA550C4}"
EndProject
Project("{9A19103F-16F7-4668-BE54-9A1E7A4F7556}") = "20210312_Generic", "20210312_Generic\20210312_Generic.csproj", "{3455E099-F785-44C9-9D5E-0056E71DB52C}"
EndProject
Project("{9A19103F-16F7-4668-BE54-9A1E7A4F7556}") = "20210312_GenericCalculator", "20210312_GenericCalculator\20210312_GenericCalculator.csproj", "{D97BAD68-47F8-4DCE-BE1F-829EF859C005}"
EndProject
Project("{9A19103F-16F7-4668-BE54-9A1E7A4F7556}") = "20210319_StringBuilder", "20210319_StringBuilder\20210319_StringBuilder.csproj", "{96BCEC0C-8B55-4E49-81F0-BDCB3DE916E8}"
EndProject
Project("{9A19103F-16F7-4668-BE54-9A1E7A4F7556}") = "20210409_erstesBeispiel", "20210409_erstesBeispiel\20210409_erstesBeispiel.csproj", "{1C04CD34-14E5-46C2-83E5-184B8039E58A}"
EndProject
Project("{9A19103F-16F7-4668-BE54-9A1E7A4F7556}") = "20210409_WindowsTaschenrechner", "20210409_WindowsTaschenrechner\20210409_WindowsTaschenrechner.csproj", "{06B7E497-C117-4754-8F73-95808D09EC20}"
EndProject
Project("{9A19103F-16F7-4668-BE54-9A1E7A4F7556}") = "GameLibary", "GameLibary\GameLibary.csproj", "{9E7247D1-C2E8-45B6-9BEB-35B324B16036}"
EndProject
Project("{9A19103F-16F7-4668-BE54-9A1E7A4F7556}") = "20210416_TicTacToe", "20210416_TicTacToe\20210416_TicTacToe.csproj", "{5F4FBBED-7A23-4D0C-849B-18681533DE9D}"
EndProject
Project("{9A19103F-16F7-4668-BE54-9A1E7A4F7556}") = "GameLibTest", "GameLibTest\GameLibTest.csproj", "{B7729AE3-6DEF-4AC8-9717-077022572DE6}"
EndProject
Project("{9A19103F-16F7-4668-BE54-9A1E7A4F7556}") = "20210430_Dialogs", "20210430_Dialogs\20210430_Dialogs.csproj", "{12F142AC-4340-459E-B0C5-4A7C66157B1E}"
EndProject
Project("{9A19103F-16F7-4668-BE54-9A1E7A4F7556}") = "20210430_Dialog", "20210430_Dialog\20210430_Dialog.csproj", "{7D02C258-955A-4A88-B9EE-51066B35483C}"
EndProject
Project("{9A19103F-16F7-4668-BE54-9A1E7A4F7556}") = "20210507_Listen", "20210507_Listen\20210507_Listen.csproj", "{D38CE10C-7AFF-4B42-9608-BA736FF0ABF2}"
EndProject
Project("{9A19103F-16F7-4668-BE54-9A1E7A4F7556}") = "20210507_Tierheimverwaltung", "20210507_Tierheimverwaltung\20210507_Tierheimverwaltung.csproj", "{5D613BD5-7D15-4E2E-85EC-0A408749614A}"
EndProject
Project("{9A19103F-16F7-4668-BE54-9A1E7A4F7556}") = "20210528_Dictionary", "20200528_Dictionary\20210528_Dictionary.csproj", "{5A713636-60C3-4D0F-AB24-6D0169A22477}"
EndProject
Project("{9A19103F-16F7-4668-BE54-9A1E7A4F7556}") = "20210528_DictionaryForms", "20210528_DictionaryForms\20210528_DictionaryForms.csproj", "{46C8E17A-A0A0-4922-8845-AB822D78F75A}"
EndProject
Project("{FAE04EC0-301F-11D3-BF4B-00C04F79EFBC}") = "WasIstEinEvent", "WasIstEinEvent\WasIstEinEvent.csproj", "{7861F662-690B-4252-B9CD-3F84C31D3012}"
EndProject
Global
	GlobalSection(SolutionConfigurationPlatforms) = preSolution
		Debug|Any CPU = Debug|Any CPU
		Release|Any CPU = Release|Any CPU
	EndGlobalSection
	GlobalSection(ProjectConfigurationPlatforms) = postSolution
		{2467220F-B225-41FC-BBA0-822E4AA550C4}.Debug|Any CPU.ActiveCfg = Debug|Any CPU
		{2467220F-B225-41FC-BBA0-822E4AA550C4}.Debug|Any CPU.Build.0 = Debug|Any CPU
		{2467220F-B225-41FC-BBA0-822E4AA550C4}.Release|Any CPU.ActiveCfg = Release|Any CPU
		{2467220F-B225-41FC-BBA0-822E4AA550C4}.Release|Any CPU.Build.0 = Release|Any CPU
		{3455E099-F785-44C9-9D5E-0056E71DB52C}.Debug|Any CPU.ActiveCfg = Debug|Any CPU
		{3455E099-F785-44C9-9D5E-0056E71DB52C}.Debug|Any CPU.Build.0 = Debug|Any CPU
		{3455E099-F785-44C9-9D5E-0056E71DB52C}.Release|Any CPU.ActiveCfg = Release|Any CPU
		{3455E099-F785-44C9-9D5E-0056E71DB52C}.Release|Any CPU.Build.0 = Release|Any CPU
		{D97BAD68-47F8-4DCE-BE1F-829EF859C005}.Debug|Any CPU.ActiveCfg = Debug|Any CPU
		{D97BAD68-47F8-4DCE-BE1F-829EF859C005}.Debug|Any CPU.Build.0 = Debug|Any CPU
		{D97BAD68-47F8-4DCE-BE1F-829EF859C005}.Release|Any CPU.ActiveCfg = Release|Any CPU
		{D97BAD68-47F8-4DCE-BE1F-829EF859C005}.Release|Any CPU.Build.0 = Release|Any CPU
		{96BCEC0C-8B55-4E49-81F0-BDCB3DE916E8}.Debug|Any CPU.ActiveCfg = Debug|Any CPU
		{96BCEC0C-8B55-4E49-81F0-BDCB3DE916E8}.Debug|Any CPU.Build.0 = Debug|Any CPU
		{96BCEC0C-8B55-4E49-81F0-BDCB3DE916E8}.Release|Any CPU.ActiveCfg = Release|Any CPU
		{96BCEC0C-8B55-4E49-81F0-BDCB3DE916E8}.Release|Any CPU.Build.0 = Release|Any CPU
		{1C04CD34-14E5-46C2-83E5-184B8039E58A}.Debug|Any CPU.ActiveCfg = Debug|Any CPU
		{1C04CD34-14E5-46C2-83E5-184B8039E58A}.Debug|Any CPU.Build.0 = Debug|Any CPU
		{1C04CD34-14E5-46C2-83E5-184B8039E58A}.Release|Any CPU.ActiveCfg = Release|Any CPU
		{1C04CD34-14E5-46C2-83E5-184B8039E58A}.Release|Any CPU.Build.0 = Release|Any CPU
		{06B7E497-C117-4754-8F73-95808D09EC20}.Debug|Any CPU.ActiveCfg = Debug|Any CPU
		{06B7E497-C117-4754-8F73-95808D09EC20}.Debug|Any CPU.Build.0 = Debug|Any CPU
		{06B7E497-C117-4754-8F73-95808D09EC20}.Release|Any CPU.ActiveCfg = Release|Any CPU
		{06B7E497-C117-4754-8F73-95808D09EC20}.Release|Any CPU.Build.0 = Release|Any CPU
		{9E7247D1-C2E8-45B6-9BEB-35B324B16036}.Debug|Any CPU.ActiveCfg = Debug|Any CPU
		{9E7247D1-C2E8-45B6-9BEB-35B324B16036}.Debug|Any CPU.Build.0 = Debug|Any CPU
		{9E7247D1-C2E8-45B6-9BEB-35B324B16036}.Release|Any CPU.ActiveCfg = Release|Any CPU
		{9E7247D1-C2E8-45B6-9BEB-35B324B16036}.Release|Any CPU.Build.0 = Release|Any CPU
		{5F4FBBED-7A23-4D0C-849B-18681533DE9D}.Debug|Any CPU.ActiveCfg = Debug|Any CPU
		{5F4FBBED-7A23-4D0C-849B-18681533DE9D}.Debug|Any CPU.Build.0 = Debug|Any CPU
		{5F4FBBED-7A23-4D0C-849B-18681533DE9D}.Release|Any CPU.ActiveCfg = Release|Any CPU
		{5F4FBBED-7A23-4D0C-849B-18681533DE9D}.Release|Any CPU.Build.0 = Release|Any CPU
		{B7729AE3-6DEF-4AC8-9717-077022572DE6}.Debug|Any CPU.ActiveCfg = Debug|Any CPU
		{B7729AE3-6DEF-4AC8-9717-077022572DE6}.Debug|Any CPU.Build.0 = Debug|Any CPU
		{B7729AE3-6DEF-4AC8-9717-077022572DE6}.Release|Any CPU.ActiveCfg = Release|Any CPU
		{B7729AE3-6DEF-4AC8-9717-077022572DE6}.Release|Any CPU.Build.0 = Release|Any CPU
		{12F142AC-4340-459E-B0C5-4A7C66157B1E}.Debug|Any CPU.ActiveCfg = Debug|Any CPU
		{12F142AC-4340-459E-B0C5-4A7C66157B1E}.Debug|Any CPU.Build.0 = Debug|Any CPU
		{12F142AC-4340-459E-B0C5-4A7C66157B1E}.Release|Any CPU.ActiveCfg = Release|Any CPU
		{12F142AC-4340-459E-B0C5-4A7C66157B1E}.Release|Any CPU.Build.0 = Release|Any CPU
		{7D02C258-955A-4A88-B9EE-51066B35483C}.Debug|Any CPU.ActiveCfg = Debug|Any CPU
		{7D02C258-955A-4A88-B9EE-51066B35483C}.Debug|Any CPU.Build.0 = Debug|Any CPU
		{7D02C258-955A-4A88-B9EE-51066B35483C}.Release|Any CPU.ActiveCfg = Release|Any CPU
		{7D02C258-955A-4A88-B9EE-51066B35483C}.Release|Any CPU.Build.0 = Release|Any CPU
		{D38CE10C-7AFF-4B42-9608-BA736FF0ABF2}.Debug|Any CPU.ActiveCfg = Debug|Any CPU
		{D38CE10C-7AFF-4B42-9608-BA736FF0ABF2}.Debug|Any CPU.Build.0 = Debug|Any CPU
		{D38CE10C-7AFF-4B42-9608-BA736FF0ABF2}.Release|Any CPU.ActiveCfg = Release|Any CPU
		{D38CE10C-7AFF-4B42-9608-BA736FF0ABF2}.Release|Any CPU.Build.0 = Release|Any CPU
		{5D613BD5-7D15-4E2E-85EC-0A408749614A}.Debug|Any CPU.ActiveCfg = Debug|Any CPU
		{5D613BD5-7D15-4E2E-85EC-0A408749614A}.Debug|Any CPU.Build.0 = Debug|Any CPU
		{5D613BD5-7D15-4E2E-85EC-0A408749614A}.Release|Any CPU.ActiveCfg = Release|Any CPU
		{5D613BD5-7D15-4E2E-85EC-0A408749614A}.Release|Any CPU.Build.0 = Release|Any CPU
		{5A713636-60C3-4D0F-AB24-6D0169A22477}.Debug|Any CPU.ActiveCfg = Debug|Any CPU
		{5A713636-60C3-4D0F-AB24-6D0169A22477}.Debug|Any CPU.Build.0 = Debug|Any CPU
		{5A713636-60C3-4D0F-AB24-6D0169A22477}.Release|Any CPU.ActiveCfg = Release|Any CPU
		{5A713636-60C3-4D0F-AB24-6D0169A22477}.Release|Any CPU.Build.0 = Release|Any CPU
		{46C8E17A-A0A0-4922-8845-AB822D78F75A}.Debug|Any CPU.ActiveCfg = Debug|Any CPU
		{46C8E17A-A0A0-4922-8845-AB822D78F75A}.Debug|Any CPU.Build.0 = Debug|Any CPU
		{46C8E17A-A0A0-4922-8845-AB822D78F75A}.Release|Any CPU.ActiveCfg = Release|Any CPU
		{46C8E17A-A0A0-4922-8845-AB822D78F75A}.Release|Any CPU.Build.0 = Release|Any CPU
		{7861F662-690B-4252-B9CD-3F84C31D3012}.Debug|Any CPU.ActiveCfg = Debug|Any CPU
		{7861F662-690B-4252-B9CD-3F84C31D3012}.Debug|Any CPU.Build.0 = Debug|Any CPU
		{7861F662-690B-4252-B9CD-3F84C31D3012}.Release|Any CPU.ActiveCfg = Release|Any CPU
		{7861F662-690B-4252-B9CD-3F84C31D3012}.Release|Any CPU.Build.0 = Release|Any CPU
	EndGlobalSection
	GlobalSection(SolutionProperties) = preSolution
		HideSolutionNode = FALSE
	EndGlobalSection
	GlobalSection(ExtensibilityGlobals) = postSolution
		SolutionGuid = {C43FD6F8-EF90-445A-8C4E-ACBFA606A018}
	EndGlobalSection
EndGlobal
