
Microsoft Visual Studio Solution File, Format Version 12.00
Project("{FAE04EC0-301F-11D3-BF4B-00C04F79EFBC}") = "WebGui", "WebGui\WebGui.csproj", "{5F840560-E698-441A-AE75-77600E4B7679}"
EndProject
Project("{FAE04EC0-301F-11D3-BF4B-00C04F79EFBC}") = "Domain", "Domain\Domain.csproj", "{BB51FDDB-7654-47CA-8A8A-18F64B537BEE}"
EndProject
Project("{FAE04EC0-301F-11D3-BF4B-00C04F79EFBC}") = "Model", "Model\Model.csproj", "{1B868614-41A3-48D1-A86F-8F7D10FC9244}"
EndProject
Global
	GlobalSection(SolutionConfigurationPlatforms) = preSolution
		Debug|Any CPU = Debug|Any CPU
		Release|Any CPU = Release|Any CPU
	EndGlobalSection
	GlobalSection(ProjectConfigurationPlatforms) = postSolution
		{5F840560-E698-441A-AE75-77600E4B7679}.Debug|Any CPU.ActiveCfg = Debug|Any CPU
		{5F840560-E698-441A-AE75-77600E4B7679}.Debug|Any CPU.Build.0 = Debug|Any CPU
		{5F840560-E698-441A-AE75-77600E4B7679}.Release|Any CPU.ActiveCfg = Release|Any CPU
		{5F840560-E698-441A-AE75-77600E4B7679}.Release|Any CPU.Build.0 = Release|Any CPU
		{BB51FDDB-7654-47CA-8A8A-18F64B537BEE}.Debug|Any CPU.ActiveCfg = Debug|Any CPU
		{BB51FDDB-7654-47CA-8A8A-18F64B537BEE}.Debug|Any CPU.Build.0 = Debug|Any CPU
		{BB51FDDB-7654-47CA-8A8A-18F64B537BEE}.Release|Any CPU.ActiveCfg = Release|Any CPU
		{BB51FDDB-7654-47CA-8A8A-18F64B537BEE}.Release|Any CPU.Build.0 = Release|Any CPU
		{1B868614-41A3-48D1-A86F-8F7D10FC9244}.Debug|Any CPU.ActiveCfg = Debug|Any CPU
		{1B868614-41A3-48D1-A86F-8F7D10FC9244}.Debug|Any CPU.Build.0 = Debug|Any CPU
		{1B868614-41A3-48D1-A86F-8F7D10FC9244}.Release|Any CPU.ActiveCfg = Release|Any CPU
		{1B868614-41A3-48D1-A86F-8F7D10FC9244}.Release|Any CPU.Build.0 = Release|Any CPU
	EndGlobalSection
EndGlobal
