
Microsoft Visual Studio Solution File, Format Version 12.00
# Visual Studio Version 16
VisualStudioVersion = 16.0.30523.141
MinimumVisualStudioVersion = 10.0.40219.1
Project("{9A19103F-16F7-4668-BE54-9A1E7A4F7556}") = "P20201106_Movers", "P20201106_Movers\P20201106_Movers.csproj", "{5CAA676B-383F-453D-9BA1-219B1040D6F9}"
EndProject
Project("{9A19103F-16F7-4668-BE54-9A1E7A4F7556}") = "T20201111_Computerspiele", "T20201111_Computerspiele\T20201111_Computerspiele.csproj", "{8A8B1C2D-6354-460F-A728-2A32ED234BE5}"
EndProject
Project("{9A19103F-16F7-4668-BE54-9A1E7A4F7556}") = "P20201120_BankHaus", "P20201120_BankHaus\P20201120_BankHaus.csproj", "{43A62A19-B276-456A-8EEF-3B267D447E8A}"
EndProject
Project("{9A19103F-16F7-4668-BE54-9A1E7A4F7556}") = "Test", "Test\Test.csproj", "{D04A6128-DD5C-459A-B79D-F4BC977120E3}"
EndProject
Project("{9A19103F-16F7-4668-BE54-9A1E7A4F7556}") = "P20201209_Firma", "P20201209_Firma\P20201209_Firma.csproj", "{5220A812-22B7-421F-96FC-A065435737B7}"
EndProject
Project("{9A19103F-16F7-4668-BE54-9A1E7A4F7556}") = "P20201218_DateienLesenSchreiben", "P20201218_DateienLesenSchreiben\P20201218_DateienLesenSchreiben.csproj", "{42393DA7-720C-4B7E-BF46-86D1CDC33303}"
EndProject
Project("{9A19103F-16F7-4668-BE54-9A1E7A4F7556}") = "P20201218_ExceptionHandling", "P20201218_ExceptionHandling\P20201218_ExceptionHandling.csproj", "{96DDA1FF-577D-424E-8E4A-B376CF3A134E}"
EndProject
Project("{9A19103F-16F7-4668-BE54-9A1E7A4F7556}") = "P20210108_Indizierer", "P20210108_Indizierer\P20210108_Indizierer.csproj", "{D586E8EF-D491-4300-876B-DA7B8DE8783C}"
EndProject
Project("{9A19103F-16F7-4668-BE54-9A1E7A4F7556}") = "P20210108_Sportler_Streamwriter+Indizierer", "P20210108_Sportler_Streamwriter+Indizierer\P20210108_Sportler_Streamwriter+Indizierer.csproj", "{5E7EF01C-D614-4792-98C9-20062135A9C3}"
EndProject
Project("{9A19103F-16F7-4668-BE54-9A1E7A4F7556}") = "P20210115_SortierenundSuchen", "P20210115_SortierenundSuchen\P20210115_SortierenundSuchen.csproj", "{259583A9-C7B3-4673-B417-79DBBCACA3E9}"
EndProject
Project("{9A19103F-16F7-4668-BE54-9A1E7A4F7556}") = "P20210122_Sortierverfahren", "P20210122_Sortierverfahren\P20210122_Sortierverfahren.csproj", "{569FDC41-81A3-4691-AA23-CD4A4B5B9871}"
EndProject
Project("{9A19103F-16F7-4668-BE54-9A1E7A4F7556}") = "P20210219_ArraySortieren", "P20210219_ArraySortieren\P20210219_ArraySortieren.csproj", "{EE9F2A31-5D80-41B8-8C37-63920A3AFD74}"
EndProject
Project("{9A19103F-16F7-4668-BE54-9A1E7A4F7556}") = "Tierheimverwaltung", "Tierheimverwaltung\Tierheimverwaltung.csproj", "{6C01DA2A-511C-4F58-9D01-BA8DAA69F4A0}"
EndProject
Project("{FAE04EC0-301F-11D3-BF4B-00C04F79EFBC}") = "P20210226_Vererbung(override)", "P20210226_Vererbung(override)\P20210226_Vererbung(override).csproj", "{B7BF0FC8-43D7-4252-842A-63707EC88959}"
EndProject
Global
	GlobalSection(SolutionConfigurationPlatforms) = preSolution
		Debug|Any CPU = Debug|Any CPU
		Release|Any CPU = Release|Any CPU
	EndGlobalSection
	GlobalSection(ProjectConfigurationPlatforms) = postSolution
		{5CAA676B-383F-453D-9BA1-219B1040D6F9}.Debug|Any CPU.ActiveCfg = Debug|Any CPU
		{5CAA676B-383F-453D-9BA1-219B1040D6F9}.Debug|Any CPU.Build.0 = Debug|Any CPU
		{5CAA676B-383F-453D-9BA1-219B1040D6F9}.Release|Any CPU.ActiveCfg = Release|Any CPU
		{5CAA676B-383F-453D-9BA1-219B1040D6F9}.Release|Any CPU.Build.0 = Release|Any CPU
		{8A8B1C2D-6354-460F-A728-2A32ED234BE5}.Debug|Any CPU.ActiveCfg = Debug|Any CPU
		{8A8B1C2D-6354-460F-A728-2A32ED234BE5}.Debug|Any CPU.Build.0 = Debug|Any CPU
		{8A8B1C2D-6354-460F-A728-2A32ED234BE5}.Release|Any CPU.ActiveCfg = Release|Any CPU
		{8A8B1C2D-6354-460F-A728-2A32ED234BE5}.Release|Any CPU.Build.0 = Release|Any CPU
		{43A62A19-B276-456A-8EEF-3B267D447E8A}.Debug|Any CPU.ActiveCfg = Debug|Any CPU
		{43A62A19-B276-456A-8EEF-3B267D447E8A}.Debug|Any CPU.Build.0 = Debug|Any CPU
		{43A62A19-B276-456A-8EEF-3B267D447E8A}.Release|Any CPU.ActiveCfg = Release|Any CPU
		{43A62A19-B276-456A-8EEF-3B267D447E8A}.Release|Any CPU.Build.0 = Release|Any CPU
		{D04A6128-DD5C-459A-B79D-F4BC977120E3}.Debug|Any CPU.ActiveCfg = Debug|Any CPU
		{D04A6128-DD5C-459A-B79D-F4BC977120E3}.Debug|Any CPU.Build.0 = Debug|Any CPU
		{D04A6128-DD5C-459A-B79D-F4BC977120E3}.Release|Any CPU.ActiveCfg = Release|Any CPU
		{D04A6128-DD5C-459A-B79D-F4BC977120E3}.Release|Any CPU.Build.0 = Release|Any CPU
		{5220A812-22B7-421F-96FC-A065435737B7}.Debug|Any CPU.ActiveCfg = Debug|Any CPU
		{5220A812-22B7-421F-96FC-A065435737B7}.Debug|Any CPU.Build.0 = Debug|Any CPU
		{5220A812-22B7-421F-96FC-A065435737B7}.Release|Any CPU.ActiveCfg = Release|Any CPU
		{5220A812-22B7-421F-96FC-A065435737B7}.Release|Any CPU.Build.0 = Release|Any CPU
		{42393DA7-720C-4B7E-BF46-86D1CDC33303}.Debug|Any CPU.ActiveCfg = Debug|Any CPU
		{42393DA7-720C-4B7E-BF46-86D1CDC33303}.Debug|Any CPU.Build.0 = Debug|Any CPU
		{42393DA7-720C-4B7E-BF46-86D1CDC33303}.Release|Any CPU.ActiveCfg = Release|Any CPU
		{42393DA7-720C-4B7E-BF46-86D1CDC33303}.Release|Any CPU.Build.0 = Release|Any CPU
		{96DDA1FF-577D-424E-8E4A-B376CF3A134E}.Debug|Any CPU.ActiveCfg = Debug|Any CPU
		{96DDA1FF-577D-424E-8E4A-B376CF3A134E}.Debug|Any CPU.Build.0 = Debug|Any CPU
		{96DDA1FF-577D-424E-8E4A-B376CF3A134E}.Release|Any CPU.ActiveCfg = Release|Any CPU
		{96DDA1FF-577D-424E-8E4A-B376CF3A134E}.Release|Any CPU.Build.0 = Release|Any CPU
		{D586E8EF-D491-4300-876B-DA7B8DE8783C}.Debug|Any CPU.ActiveCfg = Debug|Any CPU
		{D586E8EF-D491-4300-876B-DA7B8DE8783C}.Debug|Any CPU.Build.0 = Debug|Any CPU
		{D586E8EF-D491-4300-876B-DA7B8DE8783C}.Release|Any CPU.ActiveCfg = Release|Any CPU
		{D586E8EF-D491-4300-876B-DA7B8DE8783C}.Release|Any CPU.Build.0 = Release|Any CPU
		{5E7EF01C-D614-4792-98C9-20062135A9C3}.Debug|Any CPU.ActiveCfg = Debug|Any CPU
		{5E7EF01C-D614-4792-98C9-20062135A9C3}.Debug|Any CPU.Build.0 = Debug|Any CPU
		{5E7EF01C-D614-4792-98C9-20062135A9C3}.Release|Any CPU.ActiveCfg = Release|Any CPU
		{5E7EF01C-D614-4792-98C9-20062135A9C3}.Release|Any CPU.Build.0 = Release|Any CPU
		{259583A9-C7B3-4673-B417-79DBBCACA3E9}.Debug|Any CPU.ActiveCfg = Debug|Any CPU
		{259583A9-C7B3-4673-B417-79DBBCACA3E9}.Debug|Any CPU.Build.0 = Debug|Any CPU
		{259583A9-C7B3-4673-B417-79DBBCACA3E9}.Release|Any CPU.ActiveCfg = Release|Any CPU
		{259583A9-C7B3-4673-B417-79DBBCACA3E9}.Release|Any CPU.Build.0 = Release|Any CPU
		{569FDC41-81A3-4691-AA23-CD4A4B5B9871}.Debug|Any CPU.ActiveCfg = Debug|Any CPU
		{569FDC41-81A3-4691-AA23-CD4A4B5B9871}.Debug|Any CPU.Build.0 = Debug|Any CPU
		{569FDC41-81A3-4691-AA23-CD4A4B5B9871}.Release|Any CPU.ActiveCfg = Release|Any CPU
		{569FDC41-81A3-4691-AA23-CD4A4B5B9871}.Release|Any CPU.Build.0 = Release|Any CPU
		{EE9F2A31-5D80-41B8-8C37-63920A3AFD74}.Debug|Any CPU.ActiveCfg = Debug|Any CPU
		{EE9F2A31-5D80-41B8-8C37-63920A3AFD74}.Debug|Any CPU.Build.0 = Debug|Any CPU
		{EE9F2A31-5D80-41B8-8C37-63920A3AFD74}.Release|Any CPU.ActiveCfg = Release|Any CPU
		{EE9F2A31-5D80-41B8-8C37-63920A3AFD74}.Release|Any CPU.Build.0 = Release|Any CPU
		{6C01DA2A-511C-4F58-9D01-BA8DAA69F4A0}.Debug|Any CPU.ActiveCfg = Debug|Any CPU
		{6C01DA2A-511C-4F58-9D01-BA8DAA69F4A0}.Debug|Any CPU.Build.0 = Debug|Any CPU
		{6C01DA2A-511C-4F58-9D01-BA8DAA69F4A0}.Release|Any CPU.ActiveCfg = Release|Any CPU
		{6C01DA2A-511C-4F58-9D01-BA8DAA69F4A0}.Release|Any CPU.Build.0 = Release|Any CPU
		{B7BF0FC8-43D7-4252-842A-63707EC88959}.Debug|Any CPU.ActiveCfg = Debug|Any CPU
		{B7BF0FC8-43D7-4252-842A-63707EC88959}.Debug|Any CPU.Build.0 = Debug|Any CPU
		{B7BF0FC8-43D7-4252-842A-63707EC88959}.Release|Any CPU.ActiveCfg = Release|Any CPU
		{B7BF0FC8-43D7-4252-842A-63707EC88959}.Release|Any CPU.Build.0 = Release|Any CPU
	EndGlobalSection
	GlobalSection(SolutionProperties) = preSolution
		HideSolutionNode = FALSE
	EndGlobalSection
	GlobalSection(ExtensibilityGlobals) = postSolution
		SolutionGuid = {5E90F240-8054-4BEE-81DE-695ED0090E14}
	EndGlobalSection
EndGlobal
