
Microsoft Visual Studio Solution File, Format Version 12.00
Project("{FAE04EC0-301F-11D3-BF4B-00C04F79EFBC}") = "UE1", "UE1\UE1.csproj", "{A9D6B9FF-843A-496E-BBCE-5F029C04D572}"
EndProject
Global
	GlobalSection(SolutionConfigurationPlatforms) = preSolution
		Debug|Any CPU = Debug|Any CPU
		Release|Any CPU = Release|Any CPU
	EndGlobalSection
	GlobalSection(ProjectConfigurationPlatforms) = postSolution
		{A9D6B9FF-843A-496E-BBCE-5F029C04D572}.Debug|Any CPU.ActiveCfg = Debug|Any CPU
		{A9D6B9FF-843A-496E-BBCE-5F029C04D572}.Debug|Any CPU.Build.0 = Debug|Any CPU
		{A9D6B9FF-843A-496E-BBCE-5F029C04D572}.Release|Any CPU.ActiveCfg = Release|Any CPU
		{A9D6B9FF-843A-496E-BBCE-5F029C04D572}.Release|Any CPU.Build.0 = Release|Any CPU
	EndGlobalSection
EndGlobal
