
Microsoft Visual Studio Solution File, Format Version 12.00
Project("{FAE04EC0-301F-11D3-BF4B-00C04F79EFBC}") = "LINQ", "LINQ\LINQ.csproj", "{B80DCA21-C9E7-4276-B57D-B15F000D5A01}"
EndProject
Project("{FAE04EC0-301F-11D3-BF4B-00C04F79EFBC}") = "Domain", "Domain\Domain.csproj", "{E4BC25DB-0FF3-42C9-A809-4BE2D551A85A}"
EndProject
Project("{FAE04EC0-301F-11D3-BF4B-00C04F79EFBC}") = "DomainTest", "DomainTest\DomainTest.csproj", "{2E78EC64-DB48-4BC9-BBC6-EEFCEF6E12AF}"
EndProject
Global
	GlobalSection(SolutionConfigurationPlatforms) = preSolution
		Debug|Any CPU = Debug|Any CPU
		Release|Any CPU = Release|Any CPU
	EndGlobalSection
	GlobalSection(ProjectConfigurationPlatforms) = postSolution
		{B80DCA21-C9E7-4276-B57D-B15F000D5A01}.Debug|Any CPU.ActiveCfg = Debug|Any CPU
		{B80DCA21-C9E7-4276-B57D-B15F000D5A01}.Debug|Any CPU.Build.0 = Debug|Any CPU
		{B80DCA21-C9E7-4276-B57D-B15F000D5A01}.Release|Any CPU.ActiveCfg = Release|Any CPU
		{B80DCA21-C9E7-4276-B57D-B15F000D5A01}.Release|Any CPU.Build.0 = Release|Any CPU
		{E4BC25DB-0FF3-42C9-A809-4BE2D551A85A}.Debug|Any CPU.ActiveCfg = Debug|Any CPU
		{E4BC25DB-0FF3-42C9-A809-4BE2D551A85A}.Debug|Any CPU.Build.0 = Debug|Any CPU
		{E4BC25DB-0FF3-42C9-A809-4BE2D551A85A}.Release|Any CPU.ActiveCfg = Release|Any CPU
		{E4BC25DB-0FF3-42C9-A809-4BE2D551A85A}.Release|Any CPU.Build.0 = Release|Any CPU
		{2E78EC64-DB48-4BC9-BBC6-EEFCEF6E12AF}.Debug|Any CPU.ActiveCfg = Debug|Any CPU
		{2E78EC64-DB48-4BC9-BBC6-EEFCEF6E12AF}.Debug|Any CPU.Build.0 = Debug|Any CPU
		{2E78EC64-DB48-4BC9-BBC6-EEFCEF6E12AF}.Release|Any CPU.ActiveCfg = Release|Any CPU
		{2E78EC64-DB48-4BC9-BBC6-EEFCEF6E12AF}.Release|Any CPU.Build.0 = Release|Any CPU
	EndGlobalSection
EndGlobal
