
Microsoft Visual Studio Solution File, Format Version 12.00
# Visual Studio Version 17
VisualStudioVersion = 17.0.31912.275
MinimumVisualStudioVersion = 10.0.40219.1
Project("{FAE04EC0-301F-11D3-BF4B-00C04F79EFBC}") = "Schiffe", "Schiffe\Schiffe.csproj", "{DBBCED1E-7911-4601-8222-78EB2C8D28F2}"
EndProject
Global
	GlobalSection(SolutionConfigurationPlatforms) = preSolution
		Debug|Any CPU = Debug|Any CPU
		Release|Any CPU = Release|Any CPU
	EndGlobalSection
	GlobalSection(ProjectConfigurationPlatforms) = postSolution
		{DBBCED1E-7911-4601-8222-78EB2C8D28F2}.Debug|Any CPU.ActiveCfg = Debug|Any CPU
		{DBBCED1E-7911-4601-8222-78EB2C8D28F2}.Debug|Any CPU.Build.0 = Debug|Any CPU
		{DBBCED1E-7911-4601-8222-78EB2C8D28F2}.Release|Any CPU.ActiveCfg = Release|Any CPU
		{DBBCED1E-7911-4601-8222-78EB2C8D28F2}.Release|Any CPU.Build.0 = Release|Any CPU
	EndGlobalSection
	GlobalSection(SolutionProperties) = preSolution
		HideSolutionNode = FALSE
	EndGlobalSection
	GlobalSection(ExtensibilityGlobals) = postSolution
		SolutionGuid = {710DF93D-F9C4-4D7B-9C22-E1626CF6BF5F}
	EndGlobalSection
EndGlobal
