
Microsoft Visual Studio Solution File, Format Version 12.00
# Visual Studio Version 17
VisualStudioVersion = 17.0.31912.275
MinimumVisualStudioVersion = 10.0.40219.1
Project("{9A19103F-16F7-4668-BE54-9A1E7A4F7556}") = "WPF-Grundlagen", "WPF-Grundlagen\WPF-Grundlagen.csproj", "{B201B801-A8F4-41F8-8A48-89E9F550DB41}"
EndProject
Project("{9A19103F-16F7-4668-BE54-9A1E7A4F7556}") = "WPF-Panels", "WPF-Panels\WPF-Panels.csproj", "{EA0B63C8-D8FC-41AA-98B9-B8CACC0D8948}"
EndProject
Project("{FAE04EC0-301F-11D3-BF4B-00C04F79EFBC}") = "WF-fakeDataBinding", "DataBinding\WF-fakeDataBinding.csproj", "{4087AD9E-490D-4E6D-BE75-51BD8232E151}"
EndProject
Project("{FAE04EC0-301F-11D3-BF4B-00C04F79EFBC}") = "WPF-fakeDataBinding", "WPF-DataBinding\WPF-fakeDataBinding.csproj", "{CD318E31-3B69-44E6-A170-9654D4E9F753}"
EndProject
Project("{FAE04EC0-301F-11D3-BF4B-00C04F79EFBC}") = "WPF-realDataBinding", "WPF-realDataBinding\WPF-realDataBinding.csproj", "{E0709C3D-CB18-4F76-AD87-C46F6374913D}"
EndProject
Global
	GlobalSection(SolutionConfigurationPlatforms) = preSolution
		Debug|Any CPU = Debug|Any CPU
		Release|Any CPU = Release|Any CPU
	EndGlobalSection
	GlobalSection(ProjectConfigurationPlatforms) = postSolution
		{B201B801-A8F4-41F8-8A48-89E9F550DB41}.Debug|Any CPU.ActiveCfg = Debug|Any CPU
		{B201B801-A8F4-41F8-8A48-89E9F550DB41}.Debug|Any CPU.Build.0 = Debug|Any CPU
		{B201B801-A8F4-41F8-8A48-89E9F550DB41}.Release|Any CPU.ActiveCfg = Release|Any CPU
		{B201B801-A8F4-41F8-8A48-89E9F550DB41}.Release|Any CPU.Build.0 = Release|Any CPU
		{EA0B63C8-D8FC-41AA-98B9-B8CACC0D8948}.Debug|Any CPU.ActiveCfg = Debug|Any CPU
		{EA0B63C8-D8FC-41AA-98B9-B8CACC0D8948}.Debug|Any CPU.Build.0 = Debug|Any CPU
		{EA0B63C8-D8FC-41AA-98B9-B8CACC0D8948}.Release|Any CPU.ActiveCfg = Release|Any CPU
		{EA0B63C8-D8FC-41AA-98B9-B8CACC0D8948}.Release|Any CPU.Build.0 = Release|Any CPU
		{4087AD9E-490D-4E6D-BE75-51BD8232E151}.Debug|Any CPU.ActiveCfg = Debug|Any CPU
		{4087AD9E-490D-4E6D-BE75-51BD8232E151}.Debug|Any CPU.Build.0 = Debug|Any CPU
		{4087AD9E-490D-4E6D-BE75-51BD8232E151}.Release|Any CPU.ActiveCfg = Release|Any CPU
		{4087AD9E-490D-4E6D-BE75-51BD8232E151}.Release|Any CPU.Build.0 = Release|Any CPU
		{CD318E31-3B69-44E6-A170-9654D4E9F753}.Debug|Any CPU.ActiveCfg = Debug|Any CPU
		{CD318E31-3B69-44E6-A170-9654D4E9F753}.Debug|Any CPU.Build.0 = Debug|Any CPU
		{CD318E31-3B69-44E6-A170-9654D4E9F753}.Release|Any CPU.ActiveCfg = Release|Any CPU
		{CD318E31-3B69-44E6-A170-9654D4E9F753}.Release|Any CPU.Build.0 = Release|Any CPU
		{E0709C3D-CB18-4F76-AD87-C46F6374913D}.Debug|Any CPU.ActiveCfg = Debug|Any CPU
		{E0709C3D-CB18-4F76-AD87-C46F6374913D}.Debug|Any CPU.Build.0 = Debug|Any CPU
		{E0709C3D-CB18-4F76-AD87-C46F6374913D}.Release|Any CPU.ActiveCfg = Release|Any CPU
		{E0709C3D-CB18-4F76-AD87-C46F6374913D}.Release|Any CPU.Build.0 = Release|Any CPU
	EndGlobalSection
	GlobalSection(SolutionProperties) = preSolution
		HideSolutionNode = FALSE
	EndGlobalSection
	GlobalSection(ExtensibilityGlobals) = postSolution
		SolutionGuid = {5EEA24EB-7E0D-441C-A03A-9852A02ADF3E}
	EndGlobalSection
EndGlobal
