
Microsoft Visual Studio Solution File, Format Version 12.00
# Visual Studio Version 16
VisualStudioVersion = 16.0.29306.81
MinimumVisualStudioVersion = 10.0.40219.1
Project("{9A19103F-16F7-4668-BE54-9A1E7A4F7556}") = "P20190930_RömischeZahlen", "P20190930_RömischeZahlen\P20190930_RömischeZahlen.csproj", "{7F87ED4C-E945-44AE-A192-6B0E72D6849C}"
EndProject
Project("{9A19103F-16F7-4668-BE54-9A1E7A4F7556}") = "P20191007_Primzahlenüberprüfer", "P20191007_Primzahelnüberprüfer\P20191007_Primzahlenüberprüfer.csproj", "{AD219889-ECD8-49B1-B724-BB1301DF579F}"
EndProject
Project("{9A19103F-16F7-4668-BE54-9A1E7A4F7556}") = "P20191008_Zufallsausgabe_von_Nullen_und_Einsen", "P20191008_Zufallsausgabe_von_Nullen_und_Einsen\P20191008_Zufallsausgabe_von_Nullen_und_Einsen.csproj", "{49DAB6A7-1C6D-48BC-BC18-B69814DDA9E1}"
EndProject
Project("{9A19103F-16F7-4668-BE54-9A1E7A4F7556}") = "P20191008_Binärumrechner", "P20191008_Binärumrechner\P20191008_Binärumrechner.csproj", "{AA956263-6169-4796-A85E-7E00C6932B1B}"
EndProject
Project("{9A19103F-16F7-4668-BE54-9A1E7A4F7556}") = "P20191010_Octaumrechner", "P20191010_Octaumrechner\P20191010_Octaumrechner.csproj", "{762B6371-09FF-4AD1-AF88-435BF9864AC3}"
EndProject
Project("{9A19103F-16F7-4668-BE54-9A1E7A4F7556}") = "P20191010_Umrechner", "P20191010_Umrechner\P20191010_Umrechner.csproj", "{7C81E29A-B5BE-4FE3-93C0-2947D274848B}"
EndProject
Project("{FAE04EC0-301F-11D3-BF4B-00C04F79EFBC}") = "P20191125_for-Schleifen", "P20191125_for-Schleifen\P20191125_for-Schleifen.csproj", "{66DC891B-0185-444A-A29B-897D36208A74}"
EndProject
Global
	GlobalSection(SolutionConfigurationPlatforms) = preSolution
		Debug|Any CPU = Debug|Any CPU
		Release|Any CPU = Release|Any CPU
	EndGlobalSection
	GlobalSection(ProjectConfigurationPlatforms) = postSolution
		{7F87ED4C-E945-44AE-A192-6B0E72D6849C}.Debug|Any CPU.ActiveCfg = Debug|Any CPU
		{7F87ED4C-E945-44AE-A192-6B0E72D6849C}.Debug|Any CPU.Build.0 = Debug|Any CPU
		{7F87ED4C-E945-44AE-A192-6B0E72D6849C}.Release|Any CPU.ActiveCfg = Release|Any CPU
		{7F87ED4C-E945-44AE-A192-6B0E72D6849C}.Release|Any CPU.Build.0 = Release|Any CPU
		{AD219889-ECD8-49B1-B724-BB1301DF579F}.Debug|Any CPU.ActiveCfg = Debug|Any CPU
		{AD219889-ECD8-49B1-B724-BB1301DF579F}.Debug|Any CPU.Build.0 = Debug|Any CPU
		{AD219889-ECD8-49B1-B724-BB1301DF579F}.Release|Any CPU.ActiveCfg = Release|Any CPU
		{AD219889-ECD8-49B1-B724-BB1301DF579F}.Release|Any CPU.Build.0 = Release|Any CPU
		{49DAB6A7-1C6D-48BC-BC18-B69814DDA9E1}.Debug|Any CPU.ActiveCfg = Debug|Any CPU
		{49DAB6A7-1C6D-48BC-BC18-B69814DDA9E1}.Debug|Any CPU.Build.0 = Debug|Any CPU
		{49DAB6A7-1C6D-48BC-BC18-B69814DDA9E1}.Release|Any CPU.ActiveCfg = Release|Any CPU
		{49DAB6A7-1C6D-48BC-BC18-B69814DDA9E1}.Release|Any CPU.Build.0 = Release|Any CPU
		{AA956263-6169-4796-A85E-7E00C6932B1B}.Debug|Any CPU.ActiveCfg = Debug|Any CPU
		{AA956263-6169-4796-A85E-7E00C6932B1B}.Debug|Any CPU.Build.0 = Debug|Any CPU
		{AA956263-6169-4796-A85E-7E00C6932B1B}.Release|Any CPU.ActiveCfg = Release|Any CPU
		{AA956263-6169-4796-A85E-7E00C6932B1B}.Release|Any CPU.Build.0 = Release|Any CPU
		{762B6371-09FF-4AD1-AF88-435BF9864AC3}.Debug|Any CPU.ActiveCfg = Debug|Any CPU
		{762B6371-09FF-4AD1-AF88-435BF9864AC3}.Debug|Any CPU.Build.0 = Debug|Any CPU
		{762B6371-09FF-4AD1-AF88-435BF9864AC3}.Release|Any CPU.ActiveCfg = Release|Any CPU
		{762B6371-09FF-4AD1-AF88-435BF9864AC3}.Release|Any CPU.Build.0 = Release|Any CPU
		{7C81E29A-B5BE-4FE3-93C0-2947D274848B}.Debug|Any CPU.ActiveCfg = Debug|Any CPU
		{7C81E29A-B5BE-4FE3-93C0-2947D274848B}.Debug|Any CPU.Build.0 = Debug|Any CPU
		{7C81E29A-B5BE-4FE3-93C0-2947D274848B}.Release|Any CPU.ActiveCfg = Release|Any CPU
		{7C81E29A-B5BE-4FE3-93C0-2947D274848B}.Release|Any CPU.Build.0 = Release|Any CPU
		{66DC891B-0185-444A-A29B-897D36208A74}.Debug|Any CPU.ActiveCfg = Debug|Any CPU
		{66DC891B-0185-444A-A29B-897D36208A74}.Debug|Any CPU.Build.0 = Debug|Any CPU
		{66DC891B-0185-444A-A29B-897D36208A74}.Release|Any CPU.ActiveCfg = Release|Any CPU
		{66DC891B-0185-444A-A29B-897D36208A74}.Release|Any CPU.Build.0 = Release|Any CPU
	EndGlobalSection
	GlobalSection(SolutionProperties) = preSolution
		HideSolutionNode = FALSE
	EndGlobalSection
	GlobalSection(ExtensibilityGlobals) = postSolution
		SolutionGuid = {DD5402A2-7370-450C-BFD9-C2829662C4F2}
	EndGlobalSection
EndGlobal
