
Microsoft Visual Studio Solution File, Format Version 12.00
# Visual Studio Version 16
VisualStudioVersion = 16.0.29215.179
MinimumVisualStudioVersion = 10.0.40219.1
Project("{9A19103F-16F7-4668-BE54-9A1E7A4F7556}") = "P20191022_Schleifenarten", "P20191022_Schleifenarten\P20191022_Schleifenarten.csproj", "{2D390154-6B9B-4CB8-A3D4-CFEBFF53DF4A}"
EndProject
Project("{9A19103F-16F7-4668-BE54-9A1E7A4F7556}") = "P20191022_alle3teilbar", "P20191022_alle3teilbar\P20191022_alle3teilbar.csproj", "{E505029C-B81F-4375-9541-82B5A2D90169}"
EndProject
Project("{9A19103F-16F7-4668-BE54-9A1E7A4F7556}") = "P20191029_Binärumrechner", "P20191029_Binärumrechner\P20191029_Binärumrechner.csproj", "{F5AA66A8-7097-4BCA-94EE-1F73CEC878C2}"
EndProject
Project("{9A19103F-16F7-4668-BE54-9A1E7A4F7556}") = "P20191029_größtergemeinsamerTeiler", "P20191029_größtergemeinsamerTeiler\P20191029_größtergemeinsamerTeiler.csproj", "{AD598357-9ED4-4BFF-A76C-019C22BABB97}"
EndProject
Project("{9A19103F-16F7-4668-BE54-9A1E7A4F7556}") = "P20191105_Christbaum", "P20191105_Christbaum\P20191105_Christbaum.csproj", "{837E513E-5CC2-4E68-BB2B-FAD85A25CDD9}"
EndProject
Project("{9A19103F-16F7-4668-BE54-9A1E7A4F7556}") = "P20191105_Ohmsches Gesetz 2.0", "P20191105_Ohmsches Gesetz 2.0\P20191105_Ohmsches Gesetz 2.0.csproj", "{BBF4779C-DA61-4DC6-B6FE-40348C7651C4}"
EndProject
Project("{9A19103F-16F7-4668-BE54-9A1E7A4F7556}") = "P20191105_Begrüßung 2.0", "P20191105_Begrüßung 2.0\P20191105_Begrüßung 2.0.csproj", "{327D860B-2EB7-44AD-89CD-98B947B8BF8F}"
EndProject
Project("{9A19103F-16F7-4668-BE54-9A1E7A4F7556}") = "P20191105_Primzahlenüberprüfer", "P20191105_Primzahlenüberprüfer\P20191105_Primzahlenüberprüfer.csproj", "{39F52B60-91D3-448A-BC02-EFF2F135C67E}"
EndProject
Project("{9A19103F-16F7-4668-BE54-9A1E7A4F7556}") = "P20191105_ASCII-Tabelle", "P20191105_ASCII-Tabelle\P20191105_ASCII-Tabelle.csproj", "{AC2730AE-DB58-4AEC-80EE-390A35D32CE9}"
EndProject
Project("{9A19103F-16F7-4668-BE54-9A1E7A4F7556}") = "P20191126_Übung", "P20191126_Übung\P20191126_Übung.csproj", "{EB93AEFD-D84C-4647-BC8B-E7B2776346EF}"
EndProject
Project("{9A19103F-16F7-4668-BE54-9A1E7A4F7556}") = "P20191126_Fibonacci - Zahlen", "P20191126_Fibonacci - Zahlen\P20191126_Fibonacci - Zahlen.csproj", "{95C0BF13-C6F3-4A2A-B252-6A94617120D1}"
EndProject
Project("{FAE04EC0-301F-11D3-BF4B-00C04F79EFBC}") = "P20191126_Zahlen sortieren", "P20191126_Zahlen sortieren\P20191126_Zahlen sortieren.csproj", "{74A2CE72-FBD5-4017-8C71-E5A34750B70B}"
EndProject
Project("{FAE04EC0-301F-11D3-BF4B-00C04F79EFBC}") = "P20191126_größteIntZahl", "P20191126_größteIntZahl\P20191126_größteIntZahl.csproj", "{FDD9FA1D-58D2-4D4E-9D06-DAA7FCCEC6F4}"
EndProject
Project("{FAE04EC0-301F-11D3-BF4B-00C04F79EFBC}") = "P20191126_Fakultät", "P20191126_Fakultät\P20191126_Fakultät.csproj", "{997FA064-0390-4BB6-BE6A-5325016A1118}"
EndProject
Global
	GlobalSection(SolutionConfigurationPlatforms) = preSolution
		Debug|Any CPU = Debug|Any CPU
		Release|Any CPU = Release|Any CPU
	EndGlobalSection
	GlobalSection(ProjectConfigurationPlatforms) = postSolution
		{2D390154-6B9B-4CB8-A3D4-CFEBFF53DF4A}.Debug|Any CPU.ActiveCfg = Debug|Any CPU
		{2D390154-6B9B-4CB8-A3D4-CFEBFF53DF4A}.Debug|Any CPU.Build.0 = Debug|Any CPU
		{2D390154-6B9B-4CB8-A3D4-CFEBFF53DF4A}.Release|Any CPU.ActiveCfg = Release|Any CPU
		{2D390154-6B9B-4CB8-A3D4-CFEBFF53DF4A}.Release|Any CPU.Build.0 = Release|Any CPU
		{E505029C-B81F-4375-9541-82B5A2D90169}.Debug|Any CPU.ActiveCfg = Debug|Any CPU
		{E505029C-B81F-4375-9541-82B5A2D90169}.Debug|Any CPU.Build.0 = Debug|Any CPU
		{E505029C-B81F-4375-9541-82B5A2D90169}.Release|Any CPU.ActiveCfg = Release|Any CPU
		{E505029C-B81F-4375-9541-82B5A2D90169}.Release|Any CPU.Build.0 = Release|Any CPU
		{F5AA66A8-7097-4BCA-94EE-1F73CEC878C2}.Debug|Any CPU.ActiveCfg = Debug|Any CPU
		{F5AA66A8-7097-4BCA-94EE-1F73CEC878C2}.Debug|Any CPU.Build.0 = Debug|Any CPU
		{F5AA66A8-7097-4BCA-94EE-1F73CEC878C2}.Release|Any CPU.ActiveCfg = Release|Any CPU
		{F5AA66A8-7097-4BCA-94EE-1F73CEC878C2}.Release|Any CPU.Build.0 = Release|Any CPU
		{AD598357-9ED4-4BFF-A76C-019C22BABB97}.Debug|Any CPU.ActiveCfg = Debug|Any CPU
		{AD598357-9ED4-4BFF-A76C-019C22BABB97}.Debug|Any CPU.Build.0 = Debug|Any CPU
		{AD598357-9ED4-4BFF-A76C-019C22BABB97}.Release|Any CPU.ActiveCfg = Release|Any CPU
		{AD598357-9ED4-4BFF-A76C-019C22BABB97}.Release|Any CPU.Build.0 = Release|Any CPU
		{837E513E-5CC2-4E68-BB2B-FAD85A25CDD9}.Debug|Any CPU.ActiveCfg = Debug|Any CPU
		{837E513E-5CC2-4E68-BB2B-FAD85A25CDD9}.Debug|Any CPU.Build.0 = Debug|Any CPU
		{837E513E-5CC2-4E68-BB2B-FAD85A25CDD9}.Release|Any CPU.ActiveCfg = Release|Any CPU
		{837E513E-5CC2-4E68-BB2B-FAD85A25CDD9}.Release|Any CPU.Build.0 = Release|Any CPU
		{BBF4779C-DA61-4DC6-B6FE-40348C7651C4}.Debug|Any CPU.ActiveCfg = Debug|Any CPU
		{BBF4779C-DA61-4DC6-B6FE-40348C7651C4}.Debug|Any CPU.Build.0 = Debug|Any CPU
		{BBF4779C-DA61-4DC6-B6FE-40348C7651C4}.Release|Any CPU.ActiveCfg = Release|Any CPU
		{BBF4779C-DA61-4DC6-B6FE-40348C7651C4}.Release|Any CPU.Build.0 = Release|Any CPU
		{327D860B-2EB7-44AD-89CD-98B947B8BF8F}.Debug|Any CPU.ActiveCfg = Debug|Any CPU
		{327D860B-2EB7-44AD-89CD-98B947B8BF8F}.Debug|Any CPU.Build.0 = Debug|Any CPU
		{327D860B-2EB7-44AD-89CD-98B947B8BF8F}.Release|Any CPU.ActiveCfg = Release|Any CPU
		{327D860B-2EB7-44AD-89CD-98B947B8BF8F}.Release|Any CPU.Build.0 = Release|Any CPU
		{39F52B60-91D3-448A-BC02-EFF2F135C67E}.Debug|Any CPU.ActiveCfg = Debug|Any CPU
		{39F52B60-91D3-448A-BC02-EFF2F135C67E}.Debug|Any CPU.Build.0 = Debug|Any CPU
		{39F52B60-91D3-448A-BC02-EFF2F135C67E}.Release|Any CPU.ActiveCfg = Release|Any CPU
		{39F52B60-91D3-448A-BC02-EFF2F135C67E}.Release|Any CPU.Build.0 = Release|Any CPU
		{AC2730AE-DB58-4AEC-80EE-390A35D32CE9}.Debug|Any CPU.ActiveCfg = Debug|Any CPU
		{AC2730AE-DB58-4AEC-80EE-390A35D32CE9}.Debug|Any CPU.Build.0 = Debug|Any CPU
		{AC2730AE-DB58-4AEC-80EE-390A35D32CE9}.Release|Any CPU.ActiveCfg = Release|Any CPU
		{AC2730AE-DB58-4AEC-80EE-390A35D32CE9}.Release|Any CPU.Build.0 = Release|Any CPU
		{EB93AEFD-D84C-4647-BC8B-E7B2776346EF}.Debug|Any CPU.ActiveCfg = Debug|Any CPU
		{EB93AEFD-D84C-4647-BC8B-E7B2776346EF}.Debug|Any CPU.Build.0 = Debug|Any CPU
		{EB93AEFD-D84C-4647-BC8B-E7B2776346EF}.Release|Any CPU.ActiveCfg = Release|Any CPU
		{EB93AEFD-D84C-4647-BC8B-E7B2776346EF}.Release|Any CPU.Build.0 = Release|Any CPU
		{95C0BF13-C6F3-4A2A-B252-6A94617120D1}.Debug|Any CPU.ActiveCfg = Debug|Any CPU
		{95C0BF13-C6F3-4A2A-B252-6A94617120D1}.Debug|Any CPU.Build.0 = Debug|Any CPU
		{95C0BF13-C6F3-4A2A-B252-6A94617120D1}.Release|Any CPU.ActiveCfg = Release|Any CPU
		{95C0BF13-C6F3-4A2A-B252-6A94617120D1}.Release|Any CPU.Build.0 = Release|Any CPU
		{74A2CE72-FBD5-4017-8C71-E5A34750B70B}.Debug|Any CPU.ActiveCfg = Debug|Any CPU
		{74A2CE72-FBD5-4017-8C71-E5A34750B70B}.Debug|Any CPU.Build.0 = Debug|Any CPU
		{74A2CE72-FBD5-4017-8C71-E5A34750B70B}.Release|Any CPU.ActiveCfg = Release|Any CPU
		{74A2CE72-FBD5-4017-8C71-E5A34750B70B}.Release|Any CPU.Build.0 = Release|Any CPU
		{FDD9FA1D-58D2-4D4E-9D06-DAA7FCCEC6F4}.Debug|Any CPU.ActiveCfg = Debug|Any CPU
		{FDD9FA1D-58D2-4D4E-9D06-DAA7FCCEC6F4}.Debug|Any CPU.Build.0 = Debug|Any CPU
		{FDD9FA1D-58D2-4D4E-9D06-DAA7FCCEC6F4}.Release|Any CPU.ActiveCfg = Release|Any CPU
		{FDD9FA1D-58D2-4D4E-9D06-DAA7FCCEC6F4}.Release|Any CPU.Build.0 = Release|Any CPU
		{997FA064-0390-4BB6-BE6A-5325016A1118}.Debug|Any CPU.ActiveCfg = Debug|Any CPU
		{997FA064-0390-4BB6-BE6A-5325016A1118}.Debug|Any CPU.Build.0 = Debug|Any CPU
		{997FA064-0390-4BB6-BE6A-5325016A1118}.Release|Any CPU.ActiveCfg = Release|Any CPU
		{997FA064-0390-4BB6-BE6A-5325016A1118}.Release|Any CPU.Build.0 = Release|Any CPU
	EndGlobalSection
	GlobalSection(SolutionProperties) = preSolution
		HideSolutionNode = FALSE
	EndGlobalSection
	GlobalSection(ExtensibilityGlobals) = postSolution
		SolutionGuid = {3DE76DAD-A936-455F-AD11-705171F98B00}
	EndGlobalSection
EndGlobal
