
Microsoft Visual Studio Solution File, Format Version 12.00
Project("{FAE04EC0-301F-11D3-BF4B-00C04F79EFBC}") = "LastAurora", "LastAurora\LastAurora.csproj", "{51675CFF-E76A-4595-9292-429A3A900506}"
EndProject
Project("{FAE04EC0-301F-11D3-BF4B-00C04F79EFBC}") = "UnitTests", "UnitTests\UnitTests.csproj", "{A05DCAEF-9F08-4CA6-8EC8-AA9136CAFF91}"
EndProject
Global
	GlobalSection(SolutionConfigurationPlatforms) = preSolution
		Debug|Any CPU = Debug|Any CPU
		Release|Any CPU = Release|Any CPU
	EndGlobalSection
	GlobalSection(ProjectConfigurationPlatforms) = postSolution
		{51675CFF-E76A-4595-9292-429A3A900506}.Debug|Any CPU.ActiveCfg = Debug|Any CPU
		{51675CFF-E76A-4595-9292-429A3A900506}.Debug|Any CPU.Build.0 = Debug|Any CPU
		{51675CFF-E76A-4595-9292-429A3A900506}.Release|Any CPU.ActiveCfg = Release|Any CPU
		{51675CFF-E76A-4595-9292-429A3A900506}.Release|Any CPU.Build.0 = Release|Any CPU
		{A05DCAEF-9F08-4CA6-8EC8-AA9136CAFF91}.Debug|Any CPU.ActiveCfg = Debug|Any CPU
		{A05DCAEF-9F08-4CA6-8EC8-AA9136CAFF91}.Debug|Any CPU.Build.0 = Debug|Any CPU
		{A05DCAEF-9F08-4CA6-8EC8-AA9136CAFF91}.Release|Any CPU.ActiveCfg = Release|Any CPU
		{A05DCAEF-9F08-4CA6-8EC8-AA9136CAFF91}.Release|Any CPU.Build.0 = Release|Any CPU
	EndGlobalSection
EndGlobal
