
Microsoft Visual Studio Solution File, Format Version 12.00
Project("{FAE04EC0-301F-11D3-BF4B-00C04F79EFBC}") = "WebGui", "WebGui\WebGui.csproj", "{37E71E39-8F04-48D2-9C09-F98DF14A75B6}"
EndProject
Project("{FAE04EC0-301F-11D3-BF4B-00C04F79EFBC}") = "Model", "Model\Model.csproj", "{F1511245-5AFE-4B2C-A8EA-B3193A052B13}"
EndProject
Project("{FAE04EC0-301F-11D3-BF4B-00C04F79EFBC}") = "Domain", "Domain\Domain.csproj", "{50E87BF9-7CB7-47F8-9F26-2E22CB01AA6D}"
EndProject
Global
	GlobalSection(SolutionConfigurationPlatforms) = preSolution
		Debug|Any CPU = Debug|Any CPU
		Release|Any CPU = Release|Any CPU
	EndGlobalSection
	GlobalSection(ProjectConfigurationPlatforms) = postSolution
		{37E71E39-8F04-48D2-9C09-F98DF14A75B6}.Debug|Any CPU.ActiveCfg = Debug|Any CPU
		{37E71E39-8F04-48D2-9C09-F98DF14A75B6}.Debug|Any CPU.Build.0 = Debug|Any CPU
		{37E71E39-8F04-48D2-9C09-F98DF14A75B6}.Release|Any CPU.ActiveCfg = Release|Any CPU
		{37E71E39-8F04-48D2-9C09-F98DF14A75B6}.Release|Any CPU.Build.0 = Release|Any CPU
		{F1511245-5AFE-4B2C-A8EA-B3193A052B13}.Debug|Any CPU.ActiveCfg = Debug|Any CPU
		{F1511245-5AFE-4B2C-A8EA-B3193A052B13}.Debug|Any CPU.Build.0 = Debug|Any CPU
		{F1511245-5AFE-4B2C-A8EA-B3193A052B13}.Release|Any CPU.ActiveCfg = Release|Any CPU
		{F1511245-5AFE-4B2C-A8EA-B3193A052B13}.Release|Any CPU.Build.0 = Release|Any CPU
		{50E87BF9-7CB7-47F8-9F26-2E22CB01AA6D}.Debug|Any CPU.ActiveCfg = Debug|Any CPU
		{50E87BF9-7CB7-47F8-9F26-2E22CB01AA6D}.Debug|Any CPU.Build.0 = Debug|Any CPU
		{50E87BF9-7CB7-47F8-9F26-2E22CB01AA6D}.Release|Any CPU.ActiveCfg = Release|Any CPU
		{50E87BF9-7CB7-47F8-9F26-2E22CB01AA6D}.Release|Any CPU.Build.0 = Release|Any CPU
	EndGlobalSection
EndGlobal
