
Microsoft Visual Studio Solution File, Format Version 12.00
# Visual Studio Version 17
VisualStudioVersion = 17.0.31912.275
MinimumVisualStudioVersion = 10.0.40219.1
Project("{9A19103F-16F7-4668-BE54-9A1E7A4F7556}") = "StrategyPattern", "StrategyPattern\StrategyPattern.csproj", "{370241C6-9F8C-48A4-9E0D-AC5F6DBE9358}"
EndProject
Project("{9A19103F-16F7-4668-BE54-9A1E7A4F7556}") = "GenericDoubleLinkedList", "GenericDoubleLinkedList\GenericDoubleLinkedList.csproj", "{E7CD4ABC-2E78-42FE-BB33-721E159B2935}"
EndProject
Project("{9A19103F-16F7-4668-BE54-9A1E7A4F7556}") = "GenericStrategyPattern", "GenericStrategyPattern\GenericStrategyPattern.csproj", "{8EF8EBC0-720B-4B8D-99F5-AC5334874A36}"
EndProject
Project("{9A19103F-16F7-4668-BE54-9A1E7A4F7556}") = "GenericBinaryTree", "GenericBinaryTree\GenericBinaryTree.csproj", "{96EF9B04-EDDF-4B68-9394-D482362EBF18}"
EndProject
Project("{9A19103F-16F7-4668-BE54-9A1E7A4F7556}") = "UT_GenericBinaryTree", "UT_GenericBinaryTree\UT_GenericBinaryTree.csproj", "{2CF26E66-8E32-464B-8A87-8185AE0C62A3}"
EndProject
Project("{9A19103F-16F7-4668-BE54-9A1E7A4F7556}") = "PlayfairChiffre", "PlayfairChiffre\PlayfairChiffre.csproj", "{A5FF6537-9022-4350-BEC8-4CD8E9DE21B2}"
EndProject
Project("{9A19103F-16F7-4668-BE54-9A1E7A4F7556}") = "Console_String_StringBuilder_Formen", "Console_String_StringBuilder_Formen\Console_String_StringBuilder_Formen.csproj", "{81A5114E-D872-4A4E-8D91-DD758C0F20D3}"
EndProject
Project("{9A19103F-16F7-4668-BE54-9A1E7A4F7556}") = "UT_PlayfairChiffre", "UT_PlayfairChiffre\UT_PlayfairChiffre.csproj", "{E5CC2270-066A-4F4F-8832-4D20EE4B12AB}"
EndProject
Project("{9A19103F-16F7-4668-BE54-9A1E7A4F7556}") = "VerstaendnisMainMethode", "VerstaendnisMainMethode\VerstaendnisMainMethode.csproj", "{E895FF4B-F0F5-4A9E-8097-9C28A484A133}"
EndProject
Project("{FAE04EC0-301F-11D3-BF4B-00C04F79EFBC}") = "LINQ", "LINQ\LINQ.csproj", "{EC2D036D-C9AA-49A8-8753-1ED14CF580B7}"
EndProject
Global
	GlobalSection(SolutionConfigurationPlatforms) = preSolution
		Debug|Any CPU = Debug|Any CPU
		Release|Any CPU = Release|Any CPU
	EndGlobalSection
	GlobalSection(ProjectConfigurationPlatforms) = postSolution
		{370241C6-9F8C-48A4-9E0D-AC5F6DBE9358}.Debug|Any CPU.ActiveCfg = Debug|Any CPU
		{370241C6-9F8C-48A4-9E0D-AC5F6DBE9358}.Debug|Any CPU.Build.0 = Debug|Any CPU
		{370241C6-9F8C-48A4-9E0D-AC5F6DBE9358}.Release|Any CPU.ActiveCfg = Release|Any CPU
		{370241C6-9F8C-48A4-9E0D-AC5F6DBE9358}.Release|Any CPU.Build.0 = Release|Any CPU
		{E7CD4ABC-2E78-42FE-BB33-721E159B2935}.Debug|Any CPU.ActiveCfg = Debug|Any CPU
		{E7CD4ABC-2E78-42FE-BB33-721E159B2935}.Debug|Any CPU.Build.0 = Debug|Any CPU
		{E7CD4ABC-2E78-42FE-BB33-721E159B2935}.Release|Any CPU.ActiveCfg = Release|Any CPU
		{E7CD4ABC-2E78-42FE-BB33-721E159B2935}.Release|Any CPU.Build.0 = Release|Any CPU
		{8EF8EBC0-720B-4B8D-99F5-AC5334874A36}.Debug|Any CPU.ActiveCfg = Debug|Any CPU
		{8EF8EBC0-720B-4B8D-99F5-AC5334874A36}.Debug|Any CPU.Build.0 = Debug|Any CPU
		{8EF8EBC0-720B-4B8D-99F5-AC5334874A36}.Release|Any CPU.ActiveCfg = Release|Any CPU
		{8EF8EBC0-720B-4B8D-99F5-AC5334874A36}.Release|Any CPU.Build.0 = Release|Any CPU
		{96EF9B04-EDDF-4B68-9394-D482362EBF18}.Debug|Any CPU.ActiveCfg = Debug|Any CPU
		{96EF9B04-EDDF-4B68-9394-D482362EBF18}.Debug|Any CPU.Build.0 = Debug|Any CPU
		{96EF9B04-EDDF-4B68-9394-D482362EBF18}.Release|Any CPU.ActiveCfg = Release|Any CPU
		{96EF9B04-EDDF-4B68-9394-D482362EBF18}.Release|Any CPU.Build.0 = Release|Any CPU
		{2CF26E66-8E32-464B-8A87-8185AE0C62A3}.Debug|Any CPU.ActiveCfg = Debug|Any CPU
		{2CF26E66-8E32-464B-8A87-8185AE0C62A3}.Debug|Any CPU.Build.0 = Debug|Any CPU
		{2CF26E66-8E32-464B-8A87-8185AE0C62A3}.Release|Any CPU.ActiveCfg = Release|Any CPU
		{2CF26E66-8E32-464B-8A87-8185AE0C62A3}.Release|Any CPU.Build.0 = Release|Any CPU
		{A5FF6537-9022-4350-BEC8-4CD8E9DE21B2}.Debug|Any CPU.ActiveCfg = Debug|Any CPU
		{A5FF6537-9022-4350-BEC8-4CD8E9DE21B2}.Debug|Any CPU.Build.0 = Debug|Any CPU
		{A5FF6537-9022-4350-BEC8-4CD8E9DE21B2}.Release|Any CPU.ActiveCfg = Release|Any CPU
		{A5FF6537-9022-4350-BEC8-4CD8E9DE21B2}.Release|Any CPU.Build.0 = Release|Any CPU
		{81A5114E-D872-4A4E-8D91-DD758C0F20D3}.Debug|Any CPU.ActiveCfg = Debug|Any CPU
		{81A5114E-D872-4A4E-8D91-DD758C0F20D3}.Debug|Any CPU.Build.0 = Debug|Any CPU
		{81A5114E-D872-4A4E-8D91-DD758C0F20D3}.Release|Any CPU.ActiveCfg = Release|Any CPU
		{81A5114E-D872-4A4E-8D91-DD758C0F20D3}.Release|Any CPU.Build.0 = Release|Any CPU
		{E5CC2270-066A-4F4F-8832-4D20EE4B12AB}.Debug|Any CPU.ActiveCfg = Debug|Any CPU
		{E5CC2270-066A-4F4F-8832-4D20EE4B12AB}.Debug|Any CPU.Build.0 = Debug|Any CPU
		{E5CC2270-066A-4F4F-8832-4D20EE4B12AB}.Release|Any CPU.ActiveCfg = Release|Any CPU
		{E5CC2270-066A-4F4F-8832-4D20EE4B12AB}.Release|Any CPU.Build.0 = Release|Any CPU
		{E895FF4B-F0F5-4A9E-8097-9C28A484A133}.Debug|Any CPU.ActiveCfg = Debug|Any CPU
		{E895FF4B-F0F5-4A9E-8097-9C28A484A133}.Debug|Any CPU.Build.0 = Debug|Any CPU
		{E895FF4B-F0F5-4A9E-8097-9C28A484A133}.Release|Any CPU.ActiveCfg = Release|Any CPU
		{E895FF4B-F0F5-4A9E-8097-9C28A484A133}.Release|Any CPU.Build.0 = Release|Any CPU
		{EC2D036D-C9AA-49A8-8753-1ED14CF580B7}.Debug|Any CPU.ActiveCfg = Debug|Any CPU
		{EC2D036D-C9AA-49A8-8753-1ED14CF580B7}.Debug|Any CPU.Build.0 = Debug|Any CPU
		{EC2D036D-C9AA-49A8-8753-1ED14CF580B7}.Release|Any CPU.ActiveCfg = Release|Any CPU
		{EC2D036D-C9AA-49A8-8753-1ED14CF580B7}.Release|Any CPU.Build.0 = Release|Any CPU
	EndGlobalSection
	GlobalSection(SolutionProperties) = preSolution
		HideSolutionNode = FALSE
	EndGlobalSection
	GlobalSection(ExtensibilityGlobals) = postSolution
		SolutionGuid = {14DC690D-D708-4E0E-A91B-76CB7D3B17FD}
	EndGlobalSection
EndGlobal
