
Microsoft Visual Studio Solution File, Format Version 12.00
# Visual Studio Version 16
VisualStudioVersion = 16.0.29215.179
MinimumVisualStudioVersion = 10.0.40219.1
Project("{9A19103F-16F7-4668-BE54-9A1E7A4F7556}") = "P20200623_Klassenbuch", "P20200623_Klassenbuch\P20200623_Klassenbuch.csproj", "{9763ADBB-05D3-4DA4-A967-E9C81701B093}"
EndProject
Project("{FAE04EC0-301F-11D3-BF4B-00C04F79EFBC}") = "P20200623_Übung", "P20200623_Übung\P20200623_Übung.csproj", "{BA878231-451C-48BA-B547-75E201691768}"
EndProject
Global
	GlobalSection(SolutionConfigurationPlatforms) = preSolution
		Debug|Any CPU = Debug|Any CPU
		Release|Any CPU = Release|Any CPU
	EndGlobalSection
	GlobalSection(ProjectConfigurationPlatforms) = postSolution
		{9763ADBB-05D3-4DA4-A967-E9C81701B093}.Debug|Any CPU.ActiveCfg = Debug|Any CPU
		{9763ADBB-05D3-4DA4-A967-E9C81701B093}.Debug|Any CPU.Build.0 = Debug|Any CPU
		{9763ADBB-05D3-4DA4-A967-E9C81701B093}.Release|Any CPU.ActiveCfg = Release|Any CPU
		{9763ADBB-05D3-4DA4-A967-E9C81701B093}.Release|Any CPU.Build.0 = Release|Any CPU
		{BA878231-451C-48BA-B547-75E201691768}.Debug|Any CPU.ActiveCfg = Debug|Any CPU
		{BA878231-451C-48BA-B547-75E201691768}.Debug|Any CPU.Build.0 = Debug|Any CPU
		{BA878231-451C-48BA-B547-75E201691768}.Release|Any CPU.ActiveCfg = Release|Any CPU
		{BA878231-451C-48BA-B547-75E201691768}.Release|Any CPU.Build.0 = Release|Any CPU
	EndGlobalSection
	GlobalSection(SolutionProperties) = preSolution
		HideSolutionNode = FALSE
	EndGlobalSection
	GlobalSection(ExtensibilityGlobals) = postSolution
		SolutionGuid = {5D2A49DE-3301-4055-90EC-F36574EED658}
	EndGlobalSection
EndGlobal
