
Microsoft Visual Studio Solution File, Format Version 12.00
Project("{FAE04EC0-301F-11D3-BF4B-00C04F79EFBC}") = "WebGui", "WebGui\WebGui.csproj", "{4A641C8B-D606-4786-85CA-BDD6F9B77E74}"
EndProject
Project("{FAE04EC0-301F-11D3-BF4B-00C04F79EFBC}") = "Domain", "Domain\Domain.csproj", "{6F54D4FA-FCE7-462B-B9F4-E8CFEA896527}"
EndProject
Project("{FAE04EC0-301F-11D3-BF4B-00C04F79EFBC}") = "Model", "Model\Model.csproj", "{99631CDD-DB8B-4AF5-8374-D48DE851E44B}"
EndProject
Global
	GlobalSection(SolutionConfigurationPlatforms) = preSolution
		Debug|Any CPU = Debug|Any CPU
		Release|Any CPU = Release|Any CPU
	EndGlobalSection
	GlobalSection(ProjectConfigurationPlatforms) = postSolution
		{4A641C8B-D606-4786-85CA-BDD6F9B77E74}.Debug|Any CPU.ActiveCfg = Debug|Any CPU
		{4A641C8B-D606-4786-85CA-BDD6F9B77E74}.Debug|Any CPU.Build.0 = Debug|Any CPU
		{4A641C8B-D606-4786-85CA-BDD6F9B77E74}.Release|Any CPU.ActiveCfg = Release|Any CPU
		{4A641C8B-D606-4786-85CA-BDD6F9B77E74}.Release|Any CPU.Build.0 = Release|Any CPU
		{6F54D4FA-FCE7-462B-B9F4-E8CFEA896527}.Debug|Any CPU.ActiveCfg = Debug|Any CPU
		{6F54D4FA-FCE7-462B-B9F4-E8CFEA896527}.Debug|Any CPU.Build.0 = Debug|Any CPU
		{6F54D4FA-FCE7-462B-B9F4-E8CFEA896527}.Release|Any CPU.ActiveCfg = Release|Any CPU
		{6F54D4FA-FCE7-462B-B9F4-E8CFEA896527}.Release|Any CPU.Build.0 = Release|Any CPU
		{99631CDD-DB8B-4AF5-8374-D48DE851E44B}.Debug|Any CPU.ActiveCfg = Debug|Any CPU
		{99631CDD-DB8B-4AF5-8374-D48DE851E44B}.Debug|Any CPU.Build.0 = Debug|Any CPU
		{99631CDD-DB8B-4AF5-8374-D48DE851E44B}.Release|Any CPU.ActiveCfg = Release|Any CPU
		{99631CDD-DB8B-4AF5-8374-D48DE851E44B}.Release|Any CPU.Build.0 = Release|Any CPU
	EndGlobalSection
EndGlobal
