
Microsoft Visual Studio Solution File, Format Version 12.00
# Visual Studio Version 16
VisualStudioVersion = 16.0.31424.327
MinimumVisualStudioVersion = 10.0.40219.1
Project("{9A19103F-16F7-4668-BE54-9A1E7A4F7556}") = "libecho", "Echo_DLL\libecho.csproj", "{649B1F81-DC5C-46FF-9D8D-3656FF46E099}"
EndProject
Project("{9A19103F-16F7-4668-BE54-9A1E7A4F7556}") = "Echo", "Echo\Echo.csproj", "{FA930889-9E0E-4248-BE40-5CE7E23F7AF1}"
EndProject
Project("{9A19103F-16F7-4668-BE54-9A1E7A4F7556}") = "Calculator", "Calculator\Calculator.csproj", "{FEBC8DE2-04F6-447A-B43E-78D5AE21ACF5}"
EndProject
Project("{9A19103F-16F7-4668-BE54-9A1E7A4F7556}") = "libcalculator", "Calculator_DLL\libcalculator.csproj", "{46C86944-2FBE-43FB-B466-61E4E9D0FED0}"
EndProject
Project("{9A19103F-16F7-4668-BE54-9A1E7A4F7556}") = "libperson", "libperson\libperson.csproj", "{38BECA98-589E-445B-AB6B-FAF50FC4436A}"
EndProject
Project("{9A19103F-16F7-4668-BE54-9A1E7A4F7556}") = "Personenverwaltung", "Personenverwaltung\Personenverwaltung.csproj", "{00073DDF-38F7-43D7-9040-A217A85DE7B3}"
EndProject
Project("{9A19103F-16F7-4668-BE54-9A1E7A4F7556}") = "libstudents", "libstudents\libstudents.csproj", "{F1BD7902-D48A-4F4E-895E-21A18CFF76A7}"
EndProject
Project("{9A19103F-16F7-4668-BE54-9A1E7A4F7556}") = "Studentenverwaltung", "Studentenverwaltung\Studentenverwaltung.csproj", "{78537D86-E90B-4AC4-8013-9491CD56985F}"
EndProject
Project("{9A19103F-16F7-4668-BE54-9A1E7A4F7556}") = "Exercise3", "Exercise3\Exercise3.csproj", "{98E095D8-EF6D-458A-BDB1-B3E7D2BC38AC}"
EndProject
Project("{9A19103F-16F7-4668-BE54-9A1E7A4F7556}") = "Indexer", "Indexer\Indexer.csproj", "{8957A134-5FE1-458B-8D54-868A8D8E692C}"
EndProject
Project("{9A19103F-16F7-4668-BE54-9A1E7A4F7556}") = "LinkedLists", "LinkedLists\LinkedLists.csproj", "{3600EAF1-3B30-40BF-813D-5C33323F1107}"
EndProject
Project("{9A19103F-16F7-4668-BE54-9A1E7A4F7556}") = "PersonLinkedList", "PersonLinkedList\PersonLinkedList.csproj", "{D3895399-9362-42F6-B4AB-37A6F4DA15A0}"
EndProject
Project("{FAE04EC0-301F-11D3-BF4B-00C04F79EFBC}") = "utpersonlinkedlist", "utpersonlinkedlist\utpersonlinkedlist.csproj", "{7CE6AEBE-6D0D-4F58-A0E7-80E0F32B0A40}"
EndProject
Global
	GlobalSection(SolutionConfigurationPlatforms) = preSolution
		Debug|Any CPU = Debug|Any CPU
		Release|Any CPU = Release|Any CPU
	EndGlobalSection
	GlobalSection(ProjectConfigurationPlatforms) = postSolution
		{649B1F81-DC5C-46FF-9D8D-3656FF46E099}.Debug|Any CPU.ActiveCfg = Debug|Any CPU
		{649B1F81-DC5C-46FF-9D8D-3656FF46E099}.Debug|Any CPU.Build.0 = Debug|Any CPU
		{649B1F81-DC5C-46FF-9D8D-3656FF46E099}.Release|Any CPU.ActiveCfg = Release|Any CPU
		{649B1F81-DC5C-46FF-9D8D-3656FF46E099}.Release|Any CPU.Build.0 = Release|Any CPU
		{FA930889-9E0E-4248-BE40-5CE7E23F7AF1}.Debug|Any CPU.ActiveCfg = Debug|Any CPU
		{FA930889-9E0E-4248-BE40-5CE7E23F7AF1}.Debug|Any CPU.Build.0 = Debug|Any CPU
		{FA930889-9E0E-4248-BE40-5CE7E23F7AF1}.Release|Any CPU.ActiveCfg = Release|Any CPU
		{FA930889-9E0E-4248-BE40-5CE7E23F7AF1}.Release|Any CPU.Build.0 = Release|Any CPU
		{FEBC8DE2-04F6-447A-B43E-78D5AE21ACF5}.Debug|Any CPU.ActiveCfg = Debug|Any CPU
		{FEBC8DE2-04F6-447A-B43E-78D5AE21ACF5}.Debug|Any CPU.Build.0 = Debug|Any CPU
		{FEBC8DE2-04F6-447A-B43E-78D5AE21ACF5}.Release|Any CPU.ActiveCfg = Release|Any CPU
		{FEBC8DE2-04F6-447A-B43E-78D5AE21ACF5}.Release|Any CPU.Build.0 = Release|Any CPU
		{46C86944-2FBE-43FB-B466-61E4E9D0FED0}.Debug|Any CPU.ActiveCfg = Debug|Any CPU
		{46C86944-2FBE-43FB-B466-61E4E9D0FED0}.Debug|Any CPU.Build.0 = Debug|Any CPU
		{46C86944-2FBE-43FB-B466-61E4E9D0FED0}.Release|Any CPU.ActiveCfg = Release|Any CPU
		{46C86944-2FBE-43FB-B466-61E4E9D0FED0}.Release|Any CPU.Build.0 = Release|Any CPU
		{38BECA98-589E-445B-AB6B-FAF50FC4436A}.Debug|Any CPU.ActiveCfg = Debug|Any CPU
		{38BECA98-589E-445B-AB6B-FAF50FC4436A}.Debug|Any CPU.Build.0 = Debug|Any CPU
		{38BECA98-589E-445B-AB6B-FAF50FC4436A}.Release|Any CPU.ActiveCfg = Release|Any CPU
		{38BECA98-589E-445B-AB6B-FAF50FC4436A}.Release|Any CPU.Build.0 = Release|Any CPU
		{00073DDF-38F7-43D7-9040-A217A85DE7B3}.Debug|Any CPU.ActiveCfg = Debug|Any CPU
		{00073DDF-38F7-43D7-9040-A217A85DE7B3}.Debug|Any CPU.Build.0 = Debug|Any CPU
		{00073DDF-38F7-43D7-9040-A217A85DE7B3}.Release|Any CPU.ActiveCfg = Release|Any CPU
		{00073DDF-38F7-43D7-9040-A217A85DE7B3}.Release|Any CPU.Build.0 = Release|Any CPU
		{F1BD7902-D48A-4F4E-895E-21A18CFF76A7}.Debug|Any CPU.ActiveCfg = Debug|Any CPU
		{F1BD7902-D48A-4F4E-895E-21A18CFF76A7}.Debug|Any CPU.Build.0 = Debug|Any CPU
		{F1BD7902-D48A-4F4E-895E-21A18CFF76A7}.Release|Any CPU.ActiveCfg = Release|Any CPU
		{F1BD7902-D48A-4F4E-895E-21A18CFF76A7}.Release|Any CPU.Build.0 = Release|Any CPU
		{78537D86-E90B-4AC4-8013-9491CD56985F}.Debug|Any CPU.ActiveCfg = Debug|Any CPU
		{78537D86-E90B-4AC4-8013-9491CD56985F}.Debug|Any CPU.Build.0 = Debug|Any CPU
		{78537D86-E90B-4AC4-8013-9491CD56985F}.Release|Any CPU.ActiveCfg = Release|Any CPU
		{78537D86-E90B-4AC4-8013-9491CD56985F}.Release|Any CPU.Build.0 = Release|Any CPU
		{98E095D8-EF6D-458A-BDB1-B3E7D2BC38AC}.Debug|Any CPU.ActiveCfg = Debug|Any CPU
		{98E095D8-EF6D-458A-BDB1-B3E7D2BC38AC}.Debug|Any CPU.Build.0 = Debug|Any CPU
		{98E095D8-EF6D-458A-BDB1-B3E7D2BC38AC}.Release|Any CPU.ActiveCfg = Release|Any CPU
		{98E095D8-EF6D-458A-BDB1-B3E7D2BC38AC}.Release|Any CPU.Build.0 = Release|Any CPU
		{8957A134-5FE1-458B-8D54-868A8D8E692C}.Debug|Any CPU.ActiveCfg = Debug|Any CPU
		{8957A134-5FE1-458B-8D54-868A8D8E692C}.Debug|Any CPU.Build.0 = Debug|Any CPU
		{8957A134-5FE1-458B-8D54-868A8D8E692C}.Release|Any CPU.ActiveCfg = Release|Any CPU
		{8957A134-5FE1-458B-8D54-868A8D8E692C}.Release|Any CPU.Build.0 = Release|Any CPU
		{3600EAF1-3B30-40BF-813D-5C33323F1107}.Debug|Any CPU.ActiveCfg = Debug|Any CPU
		{3600EAF1-3B30-40BF-813D-5C33323F1107}.Debug|Any CPU.Build.0 = Debug|Any CPU
		{3600EAF1-3B30-40BF-813D-5C33323F1107}.Release|Any CPU.ActiveCfg = Release|Any CPU
		{3600EAF1-3B30-40BF-813D-5C33323F1107}.Release|Any CPU.Build.0 = Release|Any CPU
		{D3895399-9362-42F6-B4AB-37A6F4DA15A0}.Debug|Any CPU.ActiveCfg = Debug|Any CPU
		{D3895399-9362-42F6-B4AB-37A6F4DA15A0}.Debug|Any CPU.Build.0 = Debug|Any CPU
		{D3895399-9362-42F6-B4AB-37A6F4DA15A0}.Release|Any CPU.ActiveCfg = Release|Any CPU
		{D3895399-9362-42F6-B4AB-37A6F4DA15A0}.Release|Any CPU.Build.0 = Release|Any CPU
		{7CE6AEBE-6D0D-4F58-A0E7-80E0F32B0A40}.Debug|Any CPU.ActiveCfg = Debug|Any CPU
		{7CE6AEBE-6D0D-4F58-A0E7-80E0F32B0A40}.Debug|Any CPU.Build.0 = Debug|Any CPU
		{7CE6AEBE-6D0D-4F58-A0E7-80E0F32B0A40}.Release|Any CPU.ActiveCfg = Release|Any CPU
		{7CE6AEBE-6D0D-4F58-A0E7-80E0F32B0A40}.Release|Any CPU.Build.0 = Release|Any CPU
	EndGlobalSection
	GlobalSection(SolutionProperties) = preSolution
		HideSolutionNode = FALSE
	EndGlobalSection
	GlobalSection(ExtensibilityGlobals) = postSolution
		SolutionGuid = {D8EEA0DB-350B-4EAA-92B4-DCA4965D221F}
	EndGlobalSection
EndGlobal
