Microsoft Visual Studio Solution File, Format Version 12.00
# Visual Studio Version 17
VisualStudioVersion = 17.8.0.0
MinimumVisualStudioVersion = 17.8.0.0
Project("{9A19103F-16F7-4668-BE54-9A1E7A4F7556}") = "AspireTryout.AppHost", "AspireTryout.AppHost\AspireTryout.AppHost.csproj", "{520FDA8B-09EB-44CA-83F9-19A1CD6FF988}"
EndProject
Project("{9A19103F-16F7-4668-BE54-9A1E7A4F7556}") = "AspireTryout.ServiceDefaults", "AspireTryout.ServiceDefaults\AspireTryout.ServiceDefaults.csproj", "{A0A065B7-6050-4697-987D-C19576FCAFCD}"
EndProject
Project("{9A19103F-16F7-4668-BE54-9A1E7A4F7556}") = "AspireTryout.ApiService", "AspireTryout.ApiService\AspireTryout.ApiService.csproj", "{C341D6D6-C9A0-4E31-A7BD-2D820ADA3C20}"
EndProject
Project("{9A19103F-16F7-4668-BE54-9A1E7A4F7556}") = "AspireTryout.Web", "AspireTryout.Web\AspireTryout.Web.csproj", "{2E2A53A2-6D9C-4BF6-B363-354F761D1409}"
EndProject
Global
	GlobalSection(SolutionConfigurationPlatforms) = preSolution
		Debug|Any CPU = Debug|Any CPU
		Release|Any CPU = Release|Any CPU
	EndGlobalSection
	GlobalSection(ProjectConfigurationPlatforms) = postSolution
		{520FDA8B-09EB-44CA-83F9-19A1CD6FF988}.Debug|Any CPU.ActiveCfg = Debug|Any CPU
		{520FDA8B-09EB-44CA-83F9-19A1CD6FF988}.Debug|Any CPU.Build.0 = Debug|Any CPU
		{520FDA8B-09EB-44CA-83F9-19A1CD6FF988}.Release|Any CPU.ActiveCfg = Release|Any CPU
		{520FDA8B-09EB-44CA-83F9-19A1CD6FF988}.Release|Any CPU.Build.0 = Release|Any CPU
		{A0A065B7-6050-4697-987D-C19576FCAFCD}.Debug|Any CPU.ActiveCfg = Debug|Any CPU
		{A0A065B7-6050-4697-987D-C19576FCAFCD}.Debug|Any CPU.Build.0 = Debug|Any CPU
		{A0A065B7-6050-4697-987D-C19576FCAFCD}.Release|Any CPU.ActiveCfg = Release|Any CPU
		{A0A065B7-6050-4697-987D-C19576FCAFCD}.Release|Any CPU.Build.0 = Release|Any CPU
		{C341D6D6-C9A0-4E31-A7BD-2D820ADA3C20}.Debug|Any CPU.ActiveCfg = Debug|Any CPU
		{C341D6D6-C9A0-4E31-A7BD-2D820ADA3C20}.Debug|Any CPU.Build.0 = Debug|Any CPU
		{C341D6D6-C9A0-4E31-A7BD-2D820ADA3C20}.Release|Any CPU.ActiveCfg = Release|Any CPU
		{C341D6D6-C9A0-4E31-A7BD-2D820ADA3C20}.Release|Any CPU.Build.0 = Release|Any CPU
		{2E2A53A2-6D9C-4BF6-B363-354F761D1409}.Debug|Any CPU.ActiveCfg = Debug|Any CPU
		{2E2A53A2-6D9C-4BF6-B363-354F761D1409}.Debug|Any CPU.Build.0 = Debug|Any CPU
		{2E2A53A2-6D9C-4BF6-B363-354F761D1409}.Release|Any CPU.ActiveCfg = Release|Any CPU
		{2E2A53A2-6D9C-4BF6-B363-354F761D1409}.Release|Any CPU.Build.0 = Release|Any CPU
	EndGlobalSection
	GlobalSection(SolutionProperties) = preSolution
		HideSolutionNode = FALSE
	EndGlobalSection
	GlobalSection(ExtensibilityGlobals) = postSolution
		SolutionGuid = {75332BA8-C52A-401C-B7F2-3B49DE134F7B}
	EndGlobalSection
EndGlobal
