
Microsoft Visual Studio Solution File, Format Version 12.00
Project("{FAE04EC0-301F-11D3-BF4B-00C04F79EFBC}") = "Concurrency", "Concurrency\Concurrency.csproj", "{079833E8-AC02-4DB5-AA13-9E5A130C91E2}"
EndProject
Project("{FAE04EC0-301F-11D3-BF4B-00C04F79EFBC}") = "Heist", "Heist\Heist.csproj", "{4EB286DA-E0DC-4A79-8AF1-4F6801814C51}"
EndProject
Global
	GlobalSection(SolutionConfigurationPlatforms) = preSolution
		Debug|Any CPU = Debug|Any CPU
		Release|Any CPU = Release|Any CPU
	EndGlobalSection
	GlobalSection(ProjectConfigurationPlatforms) = postSolution
		{079833E8-AC02-4DB5-AA13-9E5A130C91E2}.Debug|Any CPU.ActiveCfg = Debug|Any CPU
		{079833E8-AC02-4DB5-AA13-9E5A130C91E2}.Debug|Any CPU.Build.0 = Debug|Any CPU
		{079833E8-AC02-4DB5-AA13-9E5A130C91E2}.Release|Any CPU.ActiveCfg = Release|Any CPU
		{079833E8-AC02-4DB5-AA13-9E5A130C91E2}.Release|Any CPU.Build.0 = Release|Any CPU
		{4EB286DA-E0DC-4A79-8AF1-4F6801814C51}.Debug|Any CPU.ActiveCfg = Debug|Any CPU
		{4EB286DA-E0DC-4A79-8AF1-4F6801814C51}.Debug|Any CPU.Build.0 = Debug|Any CPU
		{4EB286DA-E0DC-4A79-8AF1-4F6801814C51}.Release|Any CPU.ActiveCfg = Release|Any CPU
		{4EB286DA-E0DC-4A79-8AF1-4F6801814C51}.Release|Any CPU.Build.0 = Release|Any CPU
	EndGlobalSection
EndGlobal
