
Microsoft Visual Studio Solution File, Format Version 12.00
# Visual Studio Version 16
VisualStudioVersion = 16.0.30907.101
MinimumVisualStudioVersion = 10.0.40219.1
Project("{FAE04EC0-301F-11D3-BF4B-00C04F79EFBC}") = "Vokabeln", "Vokabeln\Vokabeln.csproj", "{DEA7294D-DED1-401C-807A-F9010E12A352}"
EndProject
Global
	GlobalSection(SolutionConfigurationPlatforms) = preSolution
		Debug|Any CPU = Debug|Any CPU
		Release|Any CPU = Release|Any CPU
	EndGlobalSection
	GlobalSection(ProjectConfigurationPlatforms) = postSolution
		{DEA7294D-DED1-401C-807A-F9010E12A352}.Debug|Any CPU.ActiveCfg = Debug|Any CPU
		{DEA7294D-DED1-401C-807A-F9010E12A352}.Debug|Any CPU.Build.0 = Debug|Any CPU
		{DEA7294D-DED1-401C-807A-F9010E12A352}.Release|Any CPU.ActiveCfg = Release|Any CPU
		{DEA7294D-DED1-401C-807A-F9010E12A352}.Release|Any CPU.Build.0 = Release|Any CPU
	EndGlobalSection
	GlobalSection(SolutionProperties) = preSolution
		HideSolutionNode = FALSE
	EndGlobalSection
	GlobalSection(ExtensibilityGlobals) = postSolution
		SolutionGuid = {7CFC21B1-9EF5-4974-A85F-2881905FC085}
	EndGlobalSection
EndGlobal
