
Microsoft Visual Studio Solution File, Format Version 12.00
# Visual Studio Version 16
VisualStudioVersion = 16.0.29418.71
MinimumVisualStudioVersion = 10.0.40219.1
Project("{9A19103F-16F7-4668-BE54-9A1E7A4F7556}") = "P20191203_Zeichenkette", "P20191203_Zeichenkette\P20191203_Zeichenkette.csproj", "{76C88B35-7090-4DB5-BD8C-D33F14603D20}"
EndProject
Project("{9A19103F-16F7-4668-BE54-9A1E7A4F7556}") = "P20191210_Passwortgenerator", "P20191210_Passwortgenerator\P20191210_Passwortgenerator.csproj", "{D017D677-8983-4F55-8538-A6DB7A54DD58}"
EndProject
Project("{9A19103F-16F7-4668-BE54-9A1E7A4F7556}") = "P20191217_Palindromüberprüfung", "P20191217_Palindromüberprüfung\P20191217_Palindromüberprüfung.csproj", "{5C53B529-AA9E-497F-AB62-98619FF7B778}"
EndProject
Project("{9A19103F-16F7-4668-BE54-9A1E7A4F7556}") = "P20191217_Palindromwort", "P20191217_Palindromwort\P20191217_Palindromwort.csproj", "{C83A48D7-A2B6-4DF0-BA15-E988DABBBB34}"
EndProject
Project("{9A19103F-16F7-4668-BE54-9A1E7A4F7556}") = "P20200107_Palindrome", "P20200107_Palindrome\P20200107_Palindrome.csproj", "{58FD0F45-FF20-415E-928B-6A4D7999F41F}"
EndProject
Project("{9A19103F-16F7-4668-BE54-9A1E7A4F7556}") = "P20200114_Unterprogramme", "P20200114_Unterprogramme\P20200114_Unterprogramme.csproj", "{72E425E5-A704-4671-AE9C-2DC61B041C92}"
EndProject
Project("{9A19103F-16F7-4668-BE54-9A1E7A4F7556}") = "P20200114_Ohm'schesGesetz2.0", "P20200114_Ohm'schesGesetz2.0\P20200114_Ohm'schesGesetz2.0.csproj", "{B1501DA7-0B66-41F7-8DAD-95A6325A42F4}"
EndProject
Project("{9A19103F-16F7-4668-BE54-9A1E7A4F7556}") = "P20200121_Christbaum2.0", "P20200121_Christbaum2.0\P20200121_Christbaum2.0.csproj", "{820928A1-302B-47D6-8AE0-F52459694E0C}"
EndProject
Project("{9A19103F-16F7-4668-BE54-9A1E7A4F7556}") = "P20200128_CaeserVerschluesselung", "P20200128_CaeserVerschluesselung\P20200128_CaeserVerschluesselung.csproj", "{23733853-07F5-483A-BC02-A95FBD0D348F}"
EndProject
Project("{9A19103F-16F7-4668-BE54-9A1E7A4F7556}") = "P20200211_Dreiecksüberprüfung", "P20200211_Dreiecksüberprüfung\P20200211_Dreiecksüberprüfung.csproj", "{99701420-2026-4881-82E3-C0BAF692AD47}"
EndProject
Project("{9A19103F-16F7-4668-BE54-9A1E7A4F7556}") = "P20200218_Variablenuebergabe", "P20200218_Variablenuebergabe\P20200218_Variablenuebergabe.csproj", "{C5B17F13-2145-458E-9DB7-403610D585DD}"
EndProject
Project("{FAE04EC0-301F-11D3-BF4B-00C04F79EFBC}") = "P20200218_Morsezeichen", "P20200218_Morsezeichen\P20200218_Morsezeichen.csproj", "{463325AE-F21F-4AC2-86A1-C91B685C929D}"
EndProject
Global
	GlobalSection(SolutionConfigurationPlatforms) = preSolution
		Debug|Any CPU = Debug|Any CPU
		Release|Any CPU = Release|Any CPU
	EndGlobalSection
	GlobalSection(ProjectConfigurationPlatforms) = postSolution
		{76C88B35-7090-4DB5-BD8C-D33F14603D20}.Debug|Any CPU.ActiveCfg = Debug|Any CPU
		{76C88B35-7090-4DB5-BD8C-D33F14603D20}.Debug|Any CPU.Build.0 = Debug|Any CPU
		{76C88B35-7090-4DB5-BD8C-D33F14603D20}.Release|Any CPU.ActiveCfg = Release|Any CPU
		{76C88B35-7090-4DB5-BD8C-D33F14603D20}.Release|Any CPU.Build.0 = Release|Any CPU
		{D017D677-8983-4F55-8538-A6DB7A54DD58}.Debug|Any CPU.ActiveCfg = Debug|Any CPU
		{D017D677-8983-4F55-8538-A6DB7A54DD58}.Debug|Any CPU.Build.0 = Debug|Any CPU
		{D017D677-8983-4F55-8538-A6DB7A54DD58}.Release|Any CPU.ActiveCfg = Release|Any CPU
		{D017D677-8983-4F55-8538-A6DB7A54DD58}.Release|Any CPU.Build.0 = Release|Any CPU
		{5C53B529-AA9E-497F-AB62-98619FF7B778}.Debug|Any CPU.ActiveCfg = Debug|Any CPU
		{5C53B529-AA9E-497F-AB62-98619FF7B778}.Debug|Any CPU.Build.0 = Debug|Any CPU
		{5C53B529-AA9E-497F-AB62-98619FF7B778}.Release|Any CPU.ActiveCfg = Release|Any CPU
		{5C53B529-AA9E-497F-AB62-98619FF7B778}.Release|Any CPU.Build.0 = Release|Any CPU
		{C83A48D7-A2B6-4DF0-BA15-E988DABBBB34}.Debug|Any CPU.ActiveCfg = Debug|Any CPU
		{C83A48D7-A2B6-4DF0-BA15-E988DABBBB34}.Debug|Any CPU.Build.0 = Debug|Any CPU
		{C83A48D7-A2B6-4DF0-BA15-E988DABBBB34}.Release|Any CPU.ActiveCfg = Release|Any CPU
		{C83A48D7-A2B6-4DF0-BA15-E988DABBBB34}.Release|Any CPU.Build.0 = Release|Any CPU
		{58FD0F45-FF20-415E-928B-6A4D7999F41F}.Debug|Any CPU.ActiveCfg = Debug|Any CPU
		{58FD0F45-FF20-415E-928B-6A4D7999F41F}.Debug|Any CPU.Build.0 = Debug|Any CPU
		{58FD0F45-FF20-415E-928B-6A4D7999F41F}.Release|Any CPU.ActiveCfg = Release|Any CPU
		{58FD0F45-FF20-415E-928B-6A4D7999F41F}.Release|Any CPU.Build.0 = Release|Any CPU
		{72E425E5-A704-4671-AE9C-2DC61B041C92}.Debug|Any CPU.ActiveCfg = Debug|Any CPU
		{72E425E5-A704-4671-AE9C-2DC61B041C92}.Debug|Any CPU.Build.0 = Debug|Any CPU
		{72E425E5-A704-4671-AE9C-2DC61B041C92}.Release|Any CPU.ActiveCfg = Release|Any CPU
		{72E425E5-A704-4671-AE9C-2DC61B041C92}.Release|Any CPU.Build.0 = Release|Any CPU
		{B1501DA7-0B66-41F7-8DAD-95A6325A42F4}.Debug|Any CPU.ActiveCfg = Debug|Any CPU
		{B1501DA7-0B66-41F7-8DAD-95A6325A42F4}.Debug|Any CPU.Build.0 = Debug|Any CPU
		{B1501DA7-0B66-41F7-8DAD-95A6325A42F4}.Release|Any CPU.ActiveCfg = Release|Any CPU
		{B1501DA7-0B66-41F7-8DAD-95A6325A42F4}.Release|Any CPU.Build.0 = Release|Any CPU
		{820928A1-302B-47D6-8AE0-F52459694E0C}.Debug|Any CPU.ActiveCfg = Debug|Any CPU
		{820928A1-302B-47D6-8AE0-F52459694E0C}.Debug|Any CPU.Build.0 = Debug|Any CPU
		{820928A1-302B-47D6-8AE0-F52459694E0C}.Release|Any CPU.ActiveCfg = Release|Any CPU
		{820928A1-302B-47D6-8AE0-F52459694E0C}.Release|Any CPU.Build.0 = Release|Any CPU
		{23733853-07F5-483A-BC02-A95FBD0D348F}.Debug|Any CPU.ActiveCfg = Debug|Any CPU
		{23733853-07F5-483A-BC02-A95FBD0D348F}.Debug|Any CPU.Build.0 = Debug|Any CPU
		{23733853-07F5-483A-BC02-A95FBD0D348F}.Release|Any CPU.ActiveCfg = Release|Any CPU
		{23733853-07F5-483A-BC02-A95FBD0D348F}.Release|Any CPU.Build.0 = Release|Any CPU
		{99701420-2026-4881-82E3-C0BAF692AD47}.Debug|Any CPU.ActiveCfg = Debug|Any CPU
		{99701420-2026-4881-82E3-C0BAF692AD47}.Debug|Any CPU.Build.0 = Debug|Any CPU
		{99701420-2026-4881-82E3-C0BAF692AD47}.Release|Any CPU.ActiveCfg = Release|Any CPU
		{99701420-2026-4881-82E3-C0BAF692AD47}.Release|Any CPU.Build.0 = Release|Any CPU
		{C5B17F13-2145-458E-9DB7-403610D585DD}.Debug|Any CPU.ActiveCfg = Debug|Any CPU
		{C5B17F13-2145-458E-9DB7-403610D585DD}.Debug|Any CPU.Build.0 = Debug|Any CPU
		{C5B17F13-2145-458E-9DB7-403610D585DD}.Release|Any CPU.ActiveCfg = Release|Any CPU
		{C5B17F13-2145-458E-9DB7-403610D585DD}.Release|Any CPU.Build.0 = Release|Any CPU
		{463325AE-F21F-4AC2-86A1-C91B685C929D}.Debug|Any CPU.ActiveCfg = Debug|Any CPU
		{463325AE-F21F-4AC2-86A1-C91B685C929D}.Debug|Any CPU.Build.0 = Debug|Any CPU
		{463325AE-F21F-4AC2-86A1-C91B685C929D}.Release|Any CPU.ActiveCfg = Release|Any CPU
		{463325AE-F21F-4AC2-86A1-C91B685C929D}.Release|Any CPU.Build.0 = Release|Any CPU
	EndGlobalSection
	GlobalSection(SolutionProperties) = preSolution
		HideSolutionNode = FALSE
	EndGlobalSection
	GlobalSection(ExtensibilityGlobals) = postSolution
		SolutionGuid = {A880341F-831B-4840-B944-A7217841B340}
	EndGlobalSection
EndGlobal
