
Microsoft Visual Studio Solution File, Format Version 12.00
# Visual Studio Version 17
VisualStudioVersion = 17.0.31912.275
MinimumVisualStudioVersion = 10.0.40219.1
Project("{9A19103F-16F7-4668-BE54-9A1E7A4F7556}") = "Rechtecke", "Rechtecke\Rechtecke.csproj", "{786867C9-5BE5-4383-B8AE-F564780416CC}"
EndProject
Project("{9A19103F-16F7-4668-BE54-9A1E7A4F7556}") = "Dreiecke", "Dreiecke\Dreiecke.csproj", "{C2281B85-4843-46C7-A929-573DB0AC6FF9}"
EndProject
Project("{9A19103F-16F7-4668-BE54-9A1E7A4F7556}") = "Kreise", "Kreise\Kreise.csproj", "{DF1A0DD7-68DC-477C-B8C3-C6BF75AEC6AA}"
EndProject
Project("{9A19103F-16F7-4668-BE54-9A1E7A4F7556}") = "Tannenbaum", "Tannenbaum\Tannenbaum.csproj", "{CEFCFDFC-E4B3-48F1-9C62-1826B5F8FA23}"
EndProject
Project("{FAE04EC0-301F-11D3-BF4B-00C04F79EFBC}") = "Sterne", "Sterne\Sterne.csproj", "{6FF53993-273E-46FC-9B7C-D6B047CFE319}"
EndProject
Project("{FAE04EC0-301F-11D3-BF4B-00C04F79EFBC}") = "Vasen", "Vasen\Vasen.csproj", "{84B5A19B-247B-4EA7-96A4-8643C60FC2EC}"
EndProject
Global
	GlobalSection(SolutionConfigurationPlatforms) = preSolution
		Debug|Any CPU = Debug|Any CPU
		Release|Any CPU = Release|Any CPU
	EndGlobalSection
	GlobalSection(ProjectConfigurationPlatforms) = postSolution
		{786867C9-5BE5-4383-B8AE-F564780416CC}.Debug|Any CPU.ActiveCfg = Debug|Any CPU
		{786867C9-5BE5-4383-B8AE-F564780416CC}.Debug|Any CPU.Build.0 = Debug|Any CPU
		{786867C9-5BE5-4383-B8AE-F564780416CC}.Release|Any CPU.ActiveCfg = Release|Any CPU
		{786867C9-5BE5-4383-B8AE-F564780416CC}.Release|Any CPU.Build.0 = Release|Any CPU
		{C2281B85-4843-46C7-A929-573DB0AC6FF9}.Debug|Any CPU.ActiveCfg = Debug|Any CPU
		{C2281B85-4843-46C7-A929-573DB0AC6FF9}.Debug|Any CPU.Build.0 = Debug|Any CPU
		{C2281B85-4843-46C7-A929-573DB0AC6FF9}.Release|Any CPU.ActiveCfg = Release|Any CPU
		{C2281B85-4843-46C7-A929-573DB0AC6FF9}.Release|Any CPU.Build.0 = Release|Any CPU
		{DF1A0DD7-68DC-477C-B8C3-C6BF75AEC6AA}.Debug|Any CPU.ActiveCfg = Debug|Any CPU
		{DF1A0DD7-68DC-477C-B8C3-C6BF75AEC6AA}.Debug|Any CPU.Build.0 = Debug|Any CPU
		{DF1A0DD7-68DC-477C-B8C3-C6BF75AEC6AA}.Release|Any CPU.ActiveCfg = Release|Any CPU
		{DF1A0DD7-68DC-477C-B8C3-C6BF75AEC6AA}.Release|Any CPU.Build.0 = Release|Any CPU
		{CEFCFDFC-E4B3-48F1-9C62-1826B5F8FA23}.Debug|Any CPU.ActiveCfg = Debug|Any CPU
		{CEFCFDFC-E4B3-48F1-9C62-1826B5F8FA23}.Debug|Any CPU.Build.0 = Debug|Any CPU
		{CEFCFDFC-E4B3-48F1-9C62-1826B5F8FA23}.Release|Any CPU.ActiveCfg = Release|Any CPU
		{CEFCFDFC-E4B3-48F1-9C62-1826B5F8FA23}.Release|Any CPU.Build.0 = Release|Any CPU
		{6FF53993-273E-46FC-9B7C-D6B047CFE319}.Debug|Any CPU.ActiveCfg = Debug|Any CPU
		{6FF53993-273E-46FC-9B7C-D6B047CFE319}.Debug|Any CPU.Build.0 = Debug|Any CPU
		{6FF53993-273E-46FC-9B7C-D6B047CFE319}.Release|Any CPU.ActiveCfg = Release|Any CPU
		{6FF53993-273E-46FC-9B7C-D6B047CFE319}.Release|Any CPU.Build.0 = Release|Any CPU
		{84B5A19B-247B-4EA7-96A4-8643C60FC2EC}.Debug|Any CPU.ActiveCfg = Debug|Any CPU
		{84B5A19B-247B-4EA7-96A4-8643C60FC2EC}.Debug|Any CPU.Build.0 = Debug|Any CPU
		{84B5A19B-247B-4EA7-96A4-8643C60FC2EC}.Release|Any CPU.ActiveCfg = Release|Any CPU
		{84B5A19B-247B-4EA7-96A4-8643C60FC2EC}.Release|Any CPU.Build.0 = Release|Any CPU
	EndGlobalSection
	GlobalSection(SolutionProperties) = preSolution
		HideSolutionNode = FALSE
	EndGlobalSection
	GlobalSection(ExtensibilityGlobals) = postSolution
		SolutionGuid = {31EF3763-EF8B-4DA8-8881-835D064673A4}
	EndGlobalSection
EndGlobal
