
Microsoft Visual Studio Solution File, Format Version 12.00
Project("{FAE04EC0-301F-11D3-BF4B-00C04F79EFBC}") = "UE1", "UE1\UE1.csproj", "{B5FD1B02-557F-4C40-AE6E-8AF387CA8D27}"
EndProject
Project("{FAE04EC0-301F-11D3-BF4B-00C04F79EFBC}") = "UE1_Loesung", "UE1_Loesung\UE1_Loesung.csproj", "{0AEEEBF7-46B5-427F-A034-E6D1162301C4}"
EndProject
Global
	GlobalSection(SolutionConfigurationPlatforms) = preSolution
		Debug|Any CPU = Debug|Any CPU
		Release|Any CPU = Release|Any CPU
	EndGlobalSection
	GlobalSection(ProjectConfigurationPlatforms) = postSolution
		{B5FD1B02-557F-4C40-AE6E-8AF387CA8D27}.Debug|Any CPU.ActiveCfg = Debug|Any CPU
		{B5FD1B02-557F-4C40-AE6E-8AF387CA8D27}.Debug|Any CPU.Build.0 = Debug|Any CPU
		{B5FD1B02-557F-4C40-AE6E-8AF387CA8D27}.Release|Any CPU.ActiveCfg = Release|Any CPU
		{B5FD1B02-557F-4C40-AE6E-8AF387CA8D27}.Release|Any CPU.Build.0 = Release|Any CPU
		{0AEEEBF7-46B5-427F-A034-E6D1162301C4}.Debug|Any CPU.ActiveCfg = Debug|Any CPU
		{0AEEEBF7-46B5-427F-A034-E6D1162301C4}.Debug|Any CPU.Build.0 = Debug|Any CPU
		{0AEEEBF7-46B5-427F-A034-E6D1162301C4}.Release|Any CPU.ActiveCfg = Release|Any CPU
		{0AEEEBF7-46B5-427F-A034-E6D1162301C4}.Release|Any CPU.Build.0 = Release|Any CPU
	EndGlobalSection
EndGlobal
