
Microsoft Visual Studio Solution File, Format Version 12.00
# Visual Studio Version 16
VisualStudioVersion = 16.0.29418.71
MinimumVisualStudioVersion = 10.0.40219.1
Project("{9A19103F-16F7-4668-BE54-9A1E7A4F7556}") = "P20200303_StapelspeicherStack", "P20200303_StapelspeicherStack\P20200303_StapelspeicherStack.csproj", "{ECA90371-1655-4B9E-9B38-9BA011C951CA}"
EndProject
Project("{9A19103F-16F7-4668-BE54-9A1E7A4F7556}") = "P20200303_ArrayEinführung", "P20200303_ArrayEinführung\P20200303_ArrayEinführung.csproj", "{827C8581-DAAE-4E87-8FAA-B75F35857B42}"
EndProject
Project("{9A19103F-16F7-4668-BE54-9A1E7A4F7556}") = "P20200303_ArrayAlsMethodenparameter", "P20200303_ArrayAlsMethodenparameter\P20200303_ArrayAlsMethodenparameter.csproj", "{EAA064BD-0616-4C9A-99FE-D7C17C79704E}"
EndProject
Project("{9A19103F-16F7-4668-BE54-9A1E7A4F7556}") = "P20200310_ParameterRefOut", "P20200310_ParameterRefOut\P20200310_ParameterRefOut.csproj", "{A28B097A-8CC3-46F7-9B7F-34D0E5562794}"
EndProject
Project("{9A19103F-16F7-4668-BE54-9A1E7A4F7556}") = "P20200310_ZufallszahlenohneDoppelt", "P20200310_ZufallszahlenohneDoppelt\P20200310_ZufallszahlenohneDoppelt.csproj", "{5605BA06-B013-4EF7-B9DE-B59D499FAAF7}"
EndProject
Project("{9A19103F-16F7-4668-BE54-9A1E7A4F7556}") = "P20200317_Programm1", "P20200317_natuerlicheZahlenAddierer\P20200317_Programm1.csproj", "{FB3C8145-59A4-4D59-8E0B-79374823EF0C}"
EndProject
Project("{9A19103F-16F7-4668-BE54-9A1E7A4F7556}") = "P20200317_Programm2", "P20200317_Programm2\P20200317_Programm2.csproj", "{C1073B36-0C26-4DB2-AE24-6D2408C9B557}"
EndProject
Project("{9A19103F-16F7-4668-BE54-9A1E7A4F7556}") = "P20200317_Programm3", "P20200317_Programm3\P20200317_Programm3.csproj", "{7081B433-9D8A-4F81-8B01-C1FF25F68B1C}"
EndProject
Project("{9A19103F-16F7-4668-BE54-9A1E7A4F7556}") = "P20200421_TicTacToe", "P20200421_TicTacToe\P20200421_TicTacToe.csproj", "{10A16836-1753-4DF7-B14C-E005458332AA}"
EndProject
Project("{9A19103F-16F7-4668-BE54-9A1E7A4F7556}") = "P20200505_Viergewinnt", "P20200505_Viergewinnt\P20200505_Viergewinnt.csproj", "{5DBF72CA-9DD9-43B3-9A6F-00DE24B6FBC6}"
EndProject
Project("{9A19103F-16F7-4668-BE54-9A1E7A4F7556}") = "P20200519_Lottosimulation", "P20200519_Lottosimulation\P20200519_Lottosimulation.csproj", "{5BECEA0D-FB9E-47B8-A072-8C3EC800C724}"
EndProject
Project("{FAE04EC0-301F-11D3-BF4B-00C04F79EFBC}") = "P20200526_Schachspielen", "P20200526_Schachspielen\P20200526_Schachspielen.csproj", "{15FBC8B5-046E-4900-B98F-30E4337912C6}"
EndProject
Global
	GlobalSection(SolutionConfigurationPlatforms) = preSolution
		Debug|Any CPU = Debug|Any CPU
		Release|Any CPU = Release|Any CPU
	EndGlobalSection
	GlobalSection(ProjectConfigurationPlatforms) = postSolution
		{ECA90371-1655-4B9E-9B38-9BA011C951CA}.Debug|Any CPU.ActiveCfg = Debug|Any CPU
		{ECA90371-1655-4B9E-9B38-9BA011C951CA}.Debug|Any CPU.Build.0 = Debug|Any CPU
		{ECA90371-1655-4B9E-9B38-9BA011C951CA}.Release|Any CPU.ActiveCfg = Release|Any CPU
		{ECA90371-1655-4B9E-9B38-9BA011C951CA}.Release|Any CPU.Build.0 = Release|Any CPU
		{827C8581-DAAE-4E87-8FAA-B75F35857B42}.Debug|Any CPU.ActiveCfg = Debug|Any CPU
		{827C8581-DAAE-4E87-8FAA-B75F35857B42}.Debug|Any CPU.Build.0 = Debug|Any CPU
		{827C8581-DAAE-4E87-8FAA-B75F35857B42}.Release|Any CPU.ActiveCfg = Release|Any CPU
		{827C8581-DAAE-4E87-8FAA-B75F35857B42}.Release|Any CPU.Build.0 = Release|Any CPU
		{EAA064BD-0616-4C9A-99FE-D7C17C79704E}.Debug|Any CPU.ActiveCfg = Debug|Any CPU
		{EAA064BD-0616-4C9A-99FE-D7C17C79704E}.Debug|Any CPU.Build.0 = Debug|Any CPU
		{EAA064BD-0616-4C9A-99FE-D7C17C79704E}.Release|Any CPU.ActiveCfg = Release|Any CPU
		{EAA064BD-0616-4C9A-99FE-D7C17C79704E}.Release|Any CPU.Build.0 = Release|Any CPU
		{A28B097A-8CC3-46F7-9B7F-34D0E5562794}.Debug|Any CPU.ActiveCfg = Debug|Any CPU
		{A28B097A-8CC3-46F7-9B7F-34D0E5562794}.Debug|Any CPU.Build.0 = Debug|Any CPU
		{A28B097A-8CC3-46F7-9B7F-34D0E5562794}.Release|Any CPU.ActiveCfg = Release|Any CPU
		{A28B097A-8CC3-46F7-9B7F-34D0E5562794}.Release|Any CPU.Build.0 = Release|Any CPU
		{5605BA06-B013-4EF7-B9DE-B59D499FAAF7}.Debug|Any CPU.ActiveCfg = Debug|Any CPU
		{5605BA06-B013-4EF7-B9DE-B59D499FAAF7}.Debug|Any CPU.Build.0 = Debug|Any CPU
		{5605BA06-B013-4EF7-B9DE-B59D499FAAF7}.Release|Any CPU.ActiveCfg = Release|Any CPU
		{5605BA06-B013-4EF7-B9DE-B59D499FAAF7}.Release|Any CPU.Build.0 = Release|Any CPU
		{FB3C8145-59A4-4D59-8E0B-79374823EF0C}.Debug|Any CPU.ActiveCfg = Debug|Any CPU
		{FB3C8145-59A4-4D59-8E0B-79374823EF0C}.Debug|Any CPU.Build.0 = Debug|Any CPU
		{FB3C8145-59A4-4D59-8E0B-79374823EF0C}.Release|Any CPU.ActiveCfg = Release|Any CPU
		{FB3C8145-59A4-4D59-8E0B-79374823EF0C}.Release|Any CPU.Build.0 = Release|Any CPU
		{C1073B36-0C26-4DB2-AE24-6D2408C9B557}.Debug|Any CPU.ActiveCfg = Debug|Any CPU
		{C1073B36-0C26-4DB2-AE24-6D2408C9B557}.Debug|Any CPU.Build.0 = Debug|Any CPU
		{C1073B36-0C26-4DB2-AE24-6D2408C9B557}.Release|Any CPU.ActiveCfg = Release|Any CPU
		{C1073B36-0C26-4DB2-AE24-6D2408C9B557}.Release|Any CPU.Build.0 = Release|Any CPU
		{7081B433-9D8A-4F81-8B01-C1FF25F68B1C}.Debug|Any CPU.ActiveCfg = Debug|Any CPU
		{7081B433-9D8A-4F81-8B01-C1FF25F68B1C}.Debug|Any CPU.Build.0 = Debug|Any CPU
		{7081B433-9D8A-4F81-8B01-C1FF25F68B1C}.Release|Any CPU.ActiveCfg = Release|Any CPU
		{7081B433-9D8A-4F81-8B01-C1FF25F68B1C}.Release|Any CPU.Build.0 = Release|Any CPU
		{10A16836-1753-4DF7-B14C-E005458332AA}.Debug|Any CPU.ActiveCfg = Debug|Any CPU
		{10A16836-1753-4DF7-B14C-E005458332AA}.Debug|Any CPU.Build.0 = Debug|Any CPU
		{10A16836-1753-4DF7-B14C-E005458332AA}.Release|Any CPU.ActiveCfg = Release|Any CPU
		{10A16836-1753-4DF7-B14C-E005458332AA}.Release|Any CPU.Build.0 = Release|Any CPU
		{5DBF72CA-9DD9-43B3-9A6F-00DE24B6FBC6}.Debug|Any CPU.ActiveCfg = Debug|Any CPU
		{5DBF72CA-9DD9-43B3-9A6F-00DE24B6FBC6}.Debug|Any CPU.Build.0 = Debug|Any CPU
		{5DBF72CA-9DD9-43B3-9A6F-00DE24B6FBC6}.Release|Any CPU.ActiveCfg = Release|Any CPU
		{5DBF72CA-9DD9-43B3-9A6F-00DE24B6FBC6}.Release|Any CPU.Build.0 = Release|Any CPU
		{5BECEA0D-FB9E-47B8-A072-8C3EC800C724}.Debug|Any CPU.ActiveCfg = Debug|Any CPU
		{5BECEA0D-FB9E-47B8-A072-8C3EC800C724}.Debug|Any CPU.Build.0 = Debug|Any CPU
		{5BECEA0D-FB9E-47B8-A072-8C3EC800C724}.Release|Any CPU.ActiveCfg = Release|Any CPU
		{5BECEA0D-FB9E-47B8-A072-8C3EC800C724}.Release|Any CPU.Build.0 = Release|Any CPU
		{15FBC8B5-046E-4900-B98F-30E4337912C6}.Debug|Any CPU.ActiveCfg = Debug|Any CPU
		{15FBC8B5-046E-4900-B98F-30E4337912C6}.Debug|Any CPU.Build.0 = Debug|Any CPU
		{15FBC8B5-046E-4900-B98F-30E4337912C6}.Release|Any CPU.ActiveCfg = Release|Any CPU
		{15FBC8B5-046E-4900-B98F-30E4337912C6}.Release|Any CPU.Build.0 = Release|Any CPU
	EndGlobalSection
	GlobalSection(SolutionProperties) = preSolution
		HideSolutionNode = FALSE
	EndGlobalSection
	GlobalSection(ExtensibilityGlobals) = postSolution
		SolutionGuid = {1BB120A7-34AD-4B53-AB7D-FFB5803EABEC}
	EndGlobalSection
EndGlobal
